<?xml version="1.0" encoding="utf-8"?>
<Project ToolsVersion="4.0" xmlns="http://schemas.microsoft.com/developer/msbuild/2003">
  <ItemGroup>
    <Filter Include="algorithm">
      <UniqueIdentifier>{bb464bee-2936-45c5-9434-19d5decd9078}</UniqueIdentifier>
    </Filter>
    <Filter Include="play_hobby">
      <UniqueIdentifier>{3c5e3fee-a097-460f-9772-dbfd7cefa3ae}</UniqueIdentifier>
    </Filter>
    <Filter Include="_external">
      <UniqueIdentifier>{a891eacb-842e-4a80-99c7-6a74d9149233}</UniqueIdentifier>
    </Filter>
    <Filter Include="_external\r2">
      <UniqueIdentifier>{2163bc18-fed6-4ce9-bd92-6934666924f5}</UniqueIdentifier>
    </Filter>
    <Filter Include="_external\r2tm">
      <UniqueIdentifier>{81ab3847-2894-4251-856b-66f39b090229}</UniqueIdentifier>
    </Filter>
    <Filter Include="play_math">
      <UniqueIdentifier>{c659f76d-8c3d-41fb-8967-27080960e8cf}</UniqueIdentifier>
    </Filter>
    <Filter Include="play_rendering_pipeline">
      <UniqueIdentifier>{06d475be-ec77-489e-b188-1e30a440c7c0}</UniqueIdentifier>
    </Filter>
    <Filter Include="play_debug">
      <UniqueIdentifier>{6bc67ae8-eabb-48a4-b109-1c7cbdf03d56}</UniqueIdentifier>
    </Filter>
    <Filter Include="play_cpu">
      <UniqueIdentifier>{ccdab92a-10c1-4cf6-857e-4a1c22fbecba}</UniqueIdentifier>
    </Filter>
    <Filter Include="play_algorithm">
      <UniqueIdentifier>{8318de03-f18b-4d49-a782-ffe43002b1aa}</UniqueIdentifier>
    </Filter>
    <Filter Include="play_cpp">
      <UniqueIdentifier>{77a45f2c-1f22-46b3-9c35-5ee34c38a7b9}</UniqueIdentifier>
    </Filter>
    <Filter Include="play_c">
      <UniqueIdentifier>{5e31479a-288d-46e3-8a1d-85fb424f6364}</UniqueIdentifier>
    </Filter>
    <Filter Include="play_std">
      <UniqueIdentifier>{eeee77b9-6aa6-40c1-a16f-2bddd142ced0}</UniqueIdentifier>
    </Filter>
    <Filter Include="play_various">
      <UniqueIdentifier>{b19241a3-88bd-445e-80a0-e5851f32d0b1}</UniqueIdentifier>
    </Filter>
    <Filter Include="play_random">
      <UniqueIdentifier>{b488658b-a8a1-4444-9bc1-db805488b7f9}</UniqueIdentifier>
    </Filter>
    <Filter Include="play_time">
      <UniqueIdentifier>{c3a6e1ba-8a93-4781-a736-789cec9682be}</UniqueIdentifier>
    </Filter>
    <Filter Include="play_performancee">
      <UniqueIdentifier>{19c6e25a-79ed-4d96-b56f-dd8f953eeaed}</UniqueIdentifier>
    </Filter>
    <Filter Include="play_template">
      <UniqueIdentifier>{31104b3b-edc7-4367-b673-b82d2f7ad11f}</UniqueIdentifier>
    </Filter>
    <Filter Include="play_windows">
      <UniqueIdentifier>{8067c90e-f3a8-481b-9de8-239c1fd0385a}</UniqueIdentifier>
    </Filter>
    <Filter Include="_utility">
      <UniqueIdentifier>{b470e37a-ab48-4294-91e6-d840afb5ce71}</UniqueIdentifier>
    </Filter>
    <Filter Include="_viewer">
      <UniqueIdentifier>{20496577-aadf-4b48-b1f1-7faa9f3e8b31}</UniqueIdentifier>
    </Filter>
  </ItemGroup>
  <ItemGroup>
    <ClCompile Include="source\main.cpp" />
    <ClCompile Include="source\algorithm\r2algorithm_astar_PathBuilder.cpp">
      <Filter>algorithm</Filter>
    </ClCompile>
    <ClCompile Include="source\menu_root.cpp" />
    <ClCompile Include="source\play_hobby\menu_hobby.cpp">
      <Filter>play_hobby</Filter>
    </ClCompile>
    <ClCompile Include="source\play_hobby\menu_list_based_on_array.cpp">
      <Filter>play_hobby</Filter>
    </ClCompile>
    <ClCompile Include="source\play_hobby\menu_memory_pool.cpp">
      <Filter>play_hobby</Filter>
    </ClCompile>
    <ClCompile Include="source\play_hobby\menu_property.cpp">
      <Filter>play_hobby</Filter>
    </ClCompile>
    <ClCompile Include="source\play_hobby\menu_tree.cpp">
      <Filter>play_hobby</Filter>
    </ClCompile>
    <ClCompile Include="source\utility\play_cpp_utility_path_builder.cpp">
      <Filter>_utility</Filter>
    </ClCompile>
    <ClCompile Include="source\utility\play_cpp_utility_character_buffer.cpp">
      <Filter>_utility</Filter>
    </ClCompile>
    <ClCompile Include="source\play_math\menu_play_math.cpp">
      <Filter>play_math</Filter>
    </ClCompile>
    <ClCompile Include="source\play_math\play_math_basic.cpp">
      <Filter>play_math</Filter>
    </ClCompile>
    <ClCompile Include="source\play_math\play_math_geometry_vector3.cpp">
      <Filter>play_math</Filter>
    </ClCompile>
    <ClCompile Include="source\play_math\play_math_geometry_vector2_transform.cpp">
      <Filter>play_math</Filter>
    </ClCompile>
    <ClCompile Include="source\play_math\play_math_geometry_vector3_transform.cpp">
      <Filter>play_math</Filter>
    </ClCompile>
    <ClCompile Include="source\play_rendering_pipeline\menu_play_rendering_pipeline.cpp">
      <Filter>play_rendering_pipeline</Filter>
    </ClCompile>
    <ClCompile Include="source\play_rendering_pipeline\play_rendering_pipeline.cpp">
      <Filter>play_rendering_pipeline</Filter>
    </ClCompile>
    <ClCompile Include="source\play_math\play_math_numbers.cpp">
      <Filter>play_math</Filter>
    </ClCompile>
    <ClCompile Include="source\play_math\play_math_geometry_quaternion.cpp">
      <Filter>play_math</Filter>
    </ClCompile>
    <ClCompile Include="source\play_debug\menu_debug.cpp">
      <Filter>play_debug</Filter>
    </ClCompile>
    <ClCompile Include="source\play_debug\play_debug.cpp">
      <Filter>play_debug</Filter>
    </ClCompile>
    <ClCompile Include="source\play_cpu\menu_cpu.cpp">
      <Filter>play_cpu</Filter>
    </ClCompile>
    <ClCompile Include="source\play_cpu\play_cpu_basic.cpp">
      <Filter>play_cpu</Filter>
    </ClCompile>
    <ClCompile Include="external\r2tm\r2tm_cache_cleaner.cpp">
      <Filter>_external\r2tm</Filter>
    </ClCompile>
    <ClCompile Include="external\r2tm\r2tm_director.cpp">
      <Filter>_external\r2tm</Filter>
    </ClCompile>
    <ClCompile Include="external\r2tm\r2tm_input.cpp">
      <Filter>_external\r2tm</Filter>
    </ClCompile>
    <ClCompile Include="external\r2tm\r2tm_menu_processor.cpp">
      <Filter>_external\r2tm</Filter>
    </ClCompile>
    <ClCompile Include="external\r2tm\r2tm_print_binary.cpp">
      <Filter>_external\r2tm</Filter>
    </ClCompile>
    <ClCompile Include="external\r2tm\r2tm_print_file.cpp">
      <Filter>_external\r2tm</Filter>
    </ClCompile>
    <ClCompile Include="external\r2tm\r2tm_stop_watch.cpp">
      <Filter>_external\r2tm</Filter>
    </ClCompile>
    <ClCompile Include="external\r2tm\r2tm_windows_utility.cpp">
      <Filter>_external\r2tm</Filter>
    </ClCompile>
    <ClCompile Include="external\r2\r2_direction8_bitwise_state.cpp">
      <Filter>_external\r2</Filter>
    </ClCompile>
    <ClCompile Include="external\r2\r2_fps_timer.cpp">
      <Filter>_external\r2</Filter>
    </ClCompile>
    <ClCompile Include="external\r2\r2_point_int.cpp">
      <Filter>_external\r2</Filter>
    </ClCompile>
    <ClCompile Include="external\r2\r2_random.cpp">
      <Filter>_external\r2</Filter>
    </ClCompile>
    <ClCompile Include="external\r2\r2_rect_int.cpp">
      <Filter>_external\r2</Filter>
    </ClCompile>
    <ClCompile Include="external\r2\r2_direction4_bitwise.cpp">
      <Filter>_external\r2</Filter>
    </ClCompile>
    <ClCompile Include="external\r2\r2_direction4_bitwise_state.cpp">
      <Filter>_external\r2</Filter>
    </ClCompile>
    <ClCompile Include="external\r2\r2_direction8_bitwise.cpp">
      <Filter>_external\r2</Filter>
    </ClCompile>
    <ClCompile Include="source\play_hobby\play_infinite_number.cpp">
      <Filter>play_hobby</Filter>
    </ClCompile>
    <ClCompile Include="source\play_hobby\play_list_based_on_array.cpp">
      <Filter>play_hobby</Filter>
    </ClCompile>
    <ClCompile Include="source\play_hobby\play_memory_pool.cpp">
      <Filter>play_hobby</Filter>
    </ClCompile>
    <ClCompile Include="source\play_hobby\play_property.cpp">
      <Filter>play_hobby</Filter>
    </ClCompile>
    <ClCompile Include="source\play_hobby\play_serialize.cpp">
      <Filter>play_hobby</Filter>
    </ClCompile>
    <ClCompile Include="source\play_hobby\play_spin_lock.cpp">
      <Filter>play_hobby</Filter>
    </ClCompile>
    <ClCompile Include="source\play_hobby\play_tree.cpp">
      <Filter>play_hobby</Filter>
    </ClCompile>
    <ClCompile Include="source\play_hobby\menu_infinite_number.cpp">
      <Filter>play_hobby</Filter>
    </ClCompile>
    <ClCompile Include="source\play_hobby\menu_serialize.cpp">
      <Filter>play_hobby</Filter>
    </ClCompile>
    <ClCompile Include="source\play_algorithm\algorithm_helper.cpp">
      <Filter>play_algorithm</Filter>
    </ClCompile>
    <ClCompile Include="source\play_algorithm\menu_algorithm.cpp">
      <Filter>play_algorithm</Filter>
    </ClCompile>
    <ClCompile Include="source\play_algorithm\menu_maze_generation.cpp">
      <Filter>play_algorithm</Filter>
    </ClCompile>
    <ClCompile Include="source\play_algorithm\menu_procedural_terrain_generation.cpp">
      <Filter>play_algorithm</Filter>
    </ClCompile>
    <ClCompile Include="source\play_algorithm\play_algorithm_astar.cpp">
      <Filter>play_algorithm</Filter>
    </ClCompile>
    <ClCompile Include="source\play_algorithm\play_algorithm_bubble_sort.cpp">
      <Filter>play_algorithm</Filter>
    </ClCompile>
    <ClCompile Include="source\play_algorithm\play_algorithm_etc.cpp">
      <Filter>play_algorithm</Filter>
    </ClCompile>
    <ClCompile Include="source\play_algorithm\play_algorithm_insertion_sort.cpp">
      <Filter>play_algorithm</Filter>
    </ClCompile>
    <ClCompile Include="source\play_algorithm\play_algorithm_maze.cpp">
      <Filter>play_algorithm</Filter>
    </ClCompile>
    <ClCompile Include="source\play_algorithm\play_algorithm_selection_sort.cpp">
      <Filter>play_algorithm</Filter>
    </ClCompile>
    <ClCompile Include="source\play_algorithm\play_maze_generation_kruskals.cpp">
      <Filter>play_algorithm</Filter>
    </ClCompile>
    <ClCompile Include="source\play_algorithm\play_procedural_terrain_generation_1.cpp">
      <Filter>play_algorithm</Filter>
    </ClCompile>
    <ClCompile Include="source\play_algorithm\play_procedural_terrain_generation_2.cpp">
      <Filter>play_algorithm</Filter>
    </ClCompile>
    <ClCompile Include="source\play_algorithm\play_procedural_terrain_generation_3.cpp">
      <Filter>play_algorithm</Filter>
    </ClCompile>
    <ClCompile Include="source\play_cpp\menu_align.cpp">
      <Filter>play_cpp</Filter>
    </ClCompile>
    <ClCompile Include="source\play_cpp\menu_char.cpp">
      <Filter>play_cpp</Filter>
    </ClCompile>
    <ClCompile Include="source\play_cpp\menu_class.cpp">
      <Filter>play_cpp</Filter>
    </ClCompile>
    <ClCompile Include="source\play_cpp\menu_cpp.cpp">
      <Filter>play_cpp</Filter>
    </ClCompile>
    <ClCompile Include="source\play_cpp\menu_enum.cpp">
      <Filter>play_cpp</Filter>
    </ClCompile>
    <ClCompile Include="source\play_cpp\menu_lambda.cpp">
      <Filter>play_cpp</Filter>
    </ClCompile>
    <ClCompile Include="source\play_cpp\menu_namespace.cpp">
      <Filter>play_cpp</Filter>
    </ClCompile>
    <ClCompile Include="source\play_cpp\menu_new.cpp">
      <Filter>play_cpp</Filter>
    </ClCompile>
    <ClCompile Include="source\play_cpp\play_cpp_alignas.cpp">
      <Filter>play_cpp</Filter>
    </ClCompile>
    <ClCompile Include="source\play_cpp\play_cpp_alignof.cpp">
      <Filter>play_cpp</Filter>
    </ClCompile>
    <ClCompile Include="source\play_cpp\play_cpp_braces.cpp">
      <Filter>play_cpp</Filter>
    </ClCompile>
    <ClCompile Include="source\play_cpp\play_cpp_char.cpp">
      <Filter>play_cpp</Filter>
    </ClCompile>
    <ClCompile Include="source\play_cpp\play_cpp_class.cpp">
      <Filter>play_cpp</Filter>
    </ClCompile>
    <ClCompile Include="source\play_cpp\play_cpp_class_private_inheritance.cpp">
      <Filter>play_cpp</Filter>
    </ClCompile>
    <ClCompile Include="source\play_cpp\play_cpp_enum.cpp">
      <Filter>play_cpp</Filter>
    </ClCompile>
    <ClCompile Include="source\play_cpp\play_cpp_korean.cpp">
      <Filter>play_cpp</Filter>
    </ClCompile>
    <ClCompile Include="source\play_cpp\play_cpp_lambda.cpp">
      <Filter>play_cpp</Filter>
    </ClCompile>
    <ClCompile Include="source\play_cpp\play_cpp_locale.cpp">
      <Filter>play_cpp</Filter>
    </ClCompile>
    <ClCompile Include="source\play_cpp\play_cpp_namespace.cpp">
      <Filter>play_cpp</Filter>
    </ClCompile>
    <ClCompile Include="source\play_cpp\play_cpp_new.cpp">
      <Filter>play_cpp</Filter>
    </ClCompile>
    <ClCompile Include="source\play_cpp\play_cpp_number.cpp">
      <Filter>play_cpp</Filter>
    </ClCompile>
    <ClCompile Include="source\play_cpp\play_cpp_structured_binding.cpp">
      <Filter>play_cpp</Filter>
    </ClCompile>
    <ClCompile Include="source\play_cpp\play_cpp_using.cpp">
      <Filter>play_cpp</Filter>
    </ClCompile>
    <ClCompile Include="source\play_c\menu_c.cpp">
      <Filter>play_c</Filter>
    </ClCompile>
    <ClCompile Include="source\play_c\menu_c_bit_operation.cpp">
      <Filter>play_c</Filter>
    </ClCompile>
    <ClCompile Include="source\play_c\menu_c_file.cpp">
      <Filter>play_c</Filter>
    </ClCompile>
    <ClCompile Include="source\play_c\menu_c_operator.cpp">
      <Filter>play_c</Filter>
    </ClCompile>
    <ClCompile Include="source\play_c\menu_c_pointer.cpp">
      <Filter>play_c</Filter>
    </ClCompile>
    <ClCompile Include="source\play_c\menu_c_union.cpp">
      <Filter>play_c</Filter>
    </ClCompile>
    <ClCompile Include="source\play_c\play_c_array.cpp">
      <Filter>play_c</Filter>
    </ClCompile>
    <ClCompile Include="source\play_c\play_c_atexit.cpp">
      <Filter>play_c</Filter>
    </ClCompile>
    <ClCompile Include="source\play_c\play_c_bit_operation.cpp">
      <Filter>play_c</Filter>
    </ClCompile>
    <ClCompile Include="source\play_c\play_c_file.cpp">
      <Filter>play_c</Filter>
    </ClCompile>
    <ClCompile Include="source\play_c\play_c_macro.cpp">
      <Filter>play_c</Filter>
    </ClCompile>
    <ClCompile Include="source\play_c\play_c_memset.cpp">
      <Filter>play_c</Filter>
    </ClCompile>
    <ClCompile Include="source\play_c\play_c_operator_priority.cpp">
      <Filter>play_c</Filter>
    </ClCompile>
    <ClCompile Include="source\play_c\play_c_operator_ternary.cpp">
      <Filter>play_c</Filter>
    </ClCompile>
    <ClCompile Include="source\play_c\play_c_pointer.cpp">
      <Filter>play_c</Filter>
    </ClCompile>
    <ClCompile Include="source\play_c\play_c_printf.cpp">
      <Filter>play_c</Filter>
    </ClCompile>
    <ClCompile Include="source\play_c\play_c_random.cpp">
      <Filter>play_c</Filter>
    </ClCompile>
    <ClCompile Include="source\play_c\play_c_sizeof.cpp">
      <Filter>play_c</Filter>
    </ClCompile>
    <ClCompile Include="source\play_c\play_c_struct.cpp">
      <Filter>play_c</Filter>
    </ClCompile>
    <ClCompile Include="source\play_c\play_c_system.cpp">
      <Filter>play_c</Filter>
    </ClCompile>
    <ClCompile Include="source\play_c\play_c_time.cpp">
      <Filter>play_c</Filter>
    </ClCompile>
    <ClCompile Include="source\play_c\play_c_union.cpp">
      <Filter>play_c</Filter>
    </ClCompile>
    <ClCompile Include="external\r2tm\r2tm_file.cpp">
      <Filter>_external\r2tm</Filter>
    </ClCompile>
    <ClCompile Include="source\play_std\menu_std.cpp">
      <Filter>play_std</Filter>
    </ClCompile>
    <ClCompile Include="source\play_std\menu_std_align.cpp">
      <Filter>play_std</Filter>
    </ClCompile>
    <ClCompile Include="source\play_std\menu_std_cin.cpp">
      <Filter>play_std</Filter>
    </ClCompile>
    <ClCompile Include="source\play_std\menu_std_container.cpp">
      <Filter>play_std</Filter>
    </ClCompile>
    <ClCompile Include="source\play_std\menu_std_cout.cpp">
      <Filter>play_std</Filter>
    </ClCompile>
    <ClCompile Include="source\play_std\menu_std_file_system.cpp">
      <Filter>play_std</Filter>
    </ClCompile>
    <ClCompile Include="source\play_std\menu_std_fstream.cpp">
      <Filter>play_std</Filter>
    </ClCompile>
    <ClCompile Include="source\play_std\menu_std_functional.cpp">
      <Filter>play_std</Filter>
    </ClCompile>
    <ClCompile Include="source\play_std\menu_std_memory.cpp">
      <Filter>play_std</Filter>
    </ClCompile>
    <ClCompile Include="source\play_std\menu_std_numeric.cpp">
      <Filter>play_std</Filter>
    </ClCompile>
    <ClCompile Include="source\play_std\menu_std_optional.cpp">
      <Filter>play_std</Filter>
    </ClCompile>
    <ClCompile Include="source\play_std\menu_std_string.cpp">
      <Filter>play_std</Filter>
    </ClCompile>
    <ClCompile Include="source\play_std\menu_std_string_view.cpp">
      <Filter>play_std</Filter>
    </ClCompile>
    <ClCompile Include="source\play_std\menu_std_thread.cpp">
      <Filter>play_std</Filter>
    </ClCompile>
    <ClCompile Include="source\play_std\play_std_algorithm.cpp">
      <Filter>play_std</Filter>
    </ClCompile>
    <ClCompile Include="source\play_std\play_std_array.cpp">
      <Filter>play_std</Filter>
    </ClCompile>
    <ClCompile Include="source\play_std\play_std_atomic.cpp">
      <Filter>play_std</Filter>
    </ClCompile>
    <ClCompile Include="source\play_std\play_std_bitset.cpp">
      <Filter>play_std</Filter>
    </ClCompile>
    <ClCompile Include="source\play_std\play_std_chrono.cpp">
      <Filter>play_std</Filter>
    </ClCompile>
    <ClCompile Include="source\play_std\play_std_cin.cpp">
      <Filter>play_std</Filter>
    </ClCompile>
    <ClCompile Include="source\play_std\play_std_cout.cpp">
      <Filter>play_std</Filter>
    </ClCompile>
    <ClCompile Include="source\play_std\play_std_filesystem.cpp">
      <Filter>play_std</Filter>
    </ClCompile>
    <ClCompile Include="source\play_std\play_std_fstream.cpp">
      <Filter>play_std</Filter>
    </ClCompile>
    <ClCompile Include="source\play_std\play_std_function.cpp">
      <Filter>play_std</Filter>
    </ClCompile>
    <ClCompile Include="source\play_std\play_std_function_2.cpp">
      <Filter>play_std</Filter>
    </ClCompile>
    <ClCompile Include="source\play_std\play_std_functional_hash.cpp">
      <Filter>play_std</Filter>
    </ClCompile>
    <ClCompile Include="source\play_std\play_std_functional_invoke.cpp">
      <Filter>play_std</Filter>
    </ClCompile>
    <ClCompile Include="source\play_std\play_std_functional_mem_fn.cpp">
      <Filter>play_std</Filter>
    </ClCompile>
    <ClCompile Include="source\play_std\play_std_list.cpp">
      <Filter>play_std</Filter>
    </ClCompile>
    <ClCompile Include="source\play_std\play_std_memory_align.cpp">
      <Filter>play_std</Filter>
    </ClCompile>
    <ClCompile Include="source\play_std\play_std_memory_shared_ptr.cpp">
      <Filter>play_std</Filter>
    </ClCompile>
    <ClCompile Include="source\play_std\play_std_memory_unique_ptr.cpp">
      <Filter>play_std</Filter>
    </ClCompile>
    <ClCompile Include="source\play_std\play_std_memory_unique_ptr_helper___forward_declaration.cpp">
      <Filter>play_std</Filter>
    </ClCompile>
    <ClCompile Include="source\play_std\play_std_numeric.cpp">
      <Filter>play_std</Filter>
    </ClCompile>
    <ClCompile Include="source\play_std\play_std_optional.cpp">
      <Filter>play_std</Filter>
    </ClCompile>
    <ClCompile Include="source\play_std\play_std_queue.cpp">
      <Filter>play_std</Filter>
    </ClCompile>
    <ClCompile Include="source\play_std\play_std_random.cpp">
      <Filter>play_std</Filter>
    </ClCompile>
    <ClCompile Include="source\play_std\play_std_regex.cpp">
      <Filter>play_std</Filter>
    </ClCompile>
    <ClCompile Include="source\play_std\play_std_string.cpp">
      <Filter>play_std</Filter>
    </ClCompile>
    <ClCompile Include="source\play_std\play_std_string_view.cpp">
      <Filter>play_std</Filter>
    </ClCompile>
    <ClCompile Include="source\play_std\play_std_system.cpp">
      <Filter>play_std</Filter>
    </ClCompile>
    <ClCompile Include="source\play_std\play_std_thread.cpp">
      <Filter>play_std</Filter>
    </ClCompile>
    <ClCompile Include="source\play_std\play_std_tuple.cpp">
      <Filter>play_std</Filter>
    </ClCompile>
    <ClCompile Include="source\play_std\play_std_unordered_map.cpp">
      <Filter>play_std</Filter>
    </ClCompile>
    <ClCompile Include="source\play_std\play_std_variant.cpp">
      <Filter>play_std</Filter>
    </ClCompile>
    <ClCompile Include="source\play_std\play_std_vector.cpp">
      <Filter>play_std</Filter>
    </ClCompile>
    <ClCompile Include="source\play_various\menu_various.cpp">
      <Filter>play_various</Filter>
    </ClCompile>
    <ClCompile Include="source\play_various\play_various_0.cpp">
      <Filter>play_various</Filter>
    </ClCompile>
    <ClCompile Include="source\play_random\menu_random.cpp">
      <Filter>play_random</Filter>
    </ClCompile>
    <ClCompile Include="source\play_time\menu_time.cpp">
      <Filter>play_time</Filter>
    </ClCompile>
    <ClCompile Include="source\play_performance\menu_performance.cpp">
      <Filter>play_performancee</Filter>
    </ClCompile>
    <ClCompile Include="source\play_performance\play_performance_1.cpp">
      <Filter>play_performancee</Filter>
    </ClCompile>
    <ClCompile Include="source\play_performance\play_performance_container_iteration.cpp">
      <Filter>play_performancee</Filter>
    </ClCompile>
    <ClCompile Include="source\play_template\menu_template.cpp">
      <Filter>play_template</Filter>
    </ClCompile>
    <ClCompile Include="source\play_template\menu_template_meta_programming.cpp">
      <Filter>play_template</Filter>
    </ClCompile>
    <ClCompile Include="source\play_template\menu_template_variadic.cpp">
      <Filter>play_template</Filter>
    </ClCompile>
    <ClCompile Include="source\play_template\menu_template_practice.cpp">
      <Filter>play_template</Filter>
    </ClCompile>
    <ClCompile Include="source\play_template\play_template_basic.cpp">
      <Filter>play_template</Filter>
    </ClCompile>
    <ClCompile Include="source\play_template\play_template_meta_programming_01.cpp">
      <Filter>play_template</Filter>
    </ClCompile>
    <ClCompile Include="source\play_template\play_template_meta_programming_02.cpp">
      <Filter>play_template</Filter>
    </ClCompile>
    <ClCompile Include="source\play_template\play_template_meta_programming_03.cpp">
      <Filter>play_template</Filter>
    </ClCompile>
    <ClCompile Include="source\play_template\play_template_practice_02.cpp">
      <Filter>play_template</Filter>
    </ClCompile>
    <ClCompile Include="source\play_template\play_template_practice_part_01.cpp">
      <Filter>play_template</Filter>
    </ClCompile>
    <ClCompile Include="source\play_template\play_template_specialization.cpp">
      <Filter>play_template</Filter>
    </ClCompile>
    <ClCompile Include="source\play_template\play_template_variadic.cpp">
      <Filter>play_template</Filter>
    </ClCompile>
    <ClCompile Include="source\play_windows\menu_windows_terminal_flickering_research.cpp">
      <Filter>play_windows</Filter>
    </ClCompile>
    <ClCompile Include="source\play_windows\menu_windows.cpp">
      <Filter>play_windows</Filter>
    </ClCompile>
    <ClCompile Include="source\play_windows\menu_windows_terminal_basic.cpp">
      <Filter>play_windows</Filter>
    </ClCompile>
    <ClCompile Include="source\play_windows\menu_windows_terminal_fond_and_color.cpp">
      <Filter>play_windows</Filter>
    </ClCompile>
    <ClCompile Include="source\play_windows\play_windows_terminal_screen_buffer.cpp">
      <Filter>play_windows</Filter>
    </ClCompile>
    <ClCompile Include="source\play_windows\play_windows_sound.cpp">
      <Filter>play_windows</Filter>
    </ClCompile>
    <ClCompile Include="source\play_windows\play_windows_terminal_basic.cpp">
      <Filter>play_windows</Filter>
    </ClCompile>
    <ClCompile Include="source\play_windows\play_windows_terminal_dc.cpp">
      <Filter>play_windows</Filter>
    </ClCompile>
    <ClCompile Include="source\play_windows\play_windows_terminal_flickering_research.cpp">
      <Filter>play_windows</Filter>
    </ClCompile>
    <ClCompile Include="source\play_windows\play_windows_terminal_font.cpp">
      <Filter>play_windows</Filter>
    </ClCompile>
    <ClCompile Include="source\play_windows\play_windows_terminal_input.cpp">
      <Filter>play_windows</Filter>
    </ClCompile>
    <ClCompile Include="source\play_windows\play_windows_terminal_message.cpp">
      <Filter>play_windows</Filter>
    </ClCompile>
    <ClCompile Include="source\play_windows\play_windows_terminal_text_color.cpp">
      <Filter>play_windows</Filter>
    </ClCompile>
    <ClCompile Include="source\play_windows\play_windows_time.cpp">
      <Filter>play_windows</Filter>
    </ClCompile>
    <ClCompile Include="source\viewer\key_viewer.cpp">
      <Filter>_viewer</Filter>
    </ClCompile>
    <ClCompile Include="source\play_cpp\play_cpp_decltype.cpp">
      <Filter>play_cpp</Filter>
    </ClCompile>
    <ClCompile Include="source\play_template\play_template_type_extract.cpp">
      <Filter>play_template</Filter>
    </ClCompile>
    <ClCompile Include="source\play_math\menu_play_math_geometry.cpp">
      <Filter>play_math</Filter>
    </ClCompile>
    <ClCompile Include="source\play_math\play_math_sequence.cpp">
      <Filter>play_math</Filter>
    </ClCompile>
  </ItemGroup>
  <ItemGroup>
    <ClInclude Include="source\algorithm\r2algorithm_astar_Constant.h">
      <Filter>algorithm</Filter>
    </ClInclude>
    <ClInclude Include="source\algorithm\r2algorithm_astar_PathBuilder.h">
      <Filter>algorithm</Filter>
    </ClInclude>
    <ClInclude Include="source\menu_root.hpp" />
    <ClInclude Include="source\play_hobby\menu_hobby.hpp">
      <Filter>play_hobby</Filter>
    </ClInclude>
    <ClInclude Include="source\play_hobby\menu_list_based_on_array.hpp">
      <Filter>play_hobby</Filter>
    </ClInclude>
    <ClInclude Include="source\play_hobby\menu_memory_pool.hpp">
      <Filter>play_hobby</Filter>
    </ClInclude>
    <ClInclude Include="source\play_hobby\menu_property.hpp">
      <Filter>play_hobby</Filter>
    </ClInclude>
    <ClInclude Include="source\play_hobby\menu_tree.hpp">
      <Filter>play_hobby</Filter>
    </ClInclude>
    <ClInclude Include="source\utility\play_cpp_utility_path_builder.hpp">
      <Filter>_utility</Filter>
    </ClInclude>
    <ClInclude Include="source\utility\play_cpp_utility_character_buffer.hpp">
      <Filter>_utility</Filter>
    </ClInclude>
    <ClInclude Include="source\play_math\menu_play_math.hpp">
      <Filter>play_math</Filter>
    </ClInclude>
    <ClInclude Include="source\play_math\play_math_basic.hpp">
      <Filter>play_math</Filter>
    </ClInclude>
    <ClInclude Include="source\play_math\play_math_geometry___helper_vector3.hpp">
      <Filter>play_math</Filter>
    </ClInclude>
    <ClInclude Include="source\play_math\play_math_geometry_vector3.hpp">
      <Filter>play_math</Filter>
    </ClInclude>
    <ClInclude Include="source\play_math\play_math_geometry___helper_common.hpp">
      <Filter>play_math</Filter>
    </ClInclude>
    <ClInclude Include="source\play_math\play_math_geometry___helper_vector2.hpp">
      <Filter>play_math</Filter>
    </ClInclude>
    <ClInclude Include="source\play_math\play_math_geometry_vector2_transform.hpp">
      <Filter>play_math</Filter>
    </ClInclude>
    <ClInclude Include="source\play_math\play_math_geometry___helper_matrix22.hpp">
      <Filter>play_math</Filter>
    </ClInclude>
    <ClInclude Include="source\play_math\play_math_geometry_vector3_transform.hpp">
      <Filter>play_math</Filter>
    </ClInclude>
    <ClInclude Include="source\play_math\play_math_geometry___helper_matrix33.hpp">
      <Filter>play_math</Filter>
    </ClInclude>
    <ClInclude Include="source\play_math\play_math_geometry___helper_vector4.hpp">
      <Filter>play_math</Filter>
    </ClInclude>
    <ClInclude Include="source\play_math\play_math_geometry___helper_matrix44.hpp">
      <Filter>play_math</Filter>
    </ClInclude>
    <ClInclude Include="source\play_rendering_pipeline\play_rendering_pipeline.hpp">
      <Filter>play_rendering_pipeline</Filter>
    </ClInclude>
    <ClInclude Include="source\play_rendering_pipeline\menu_play_rendering_pipeline.hpp">
      <Filter>play_rendering_pipeline</Filter>
    </ClInclude>
    <ClInclude Include="source\play_math\play_math_numbers.hpp">
      <Filter>play_math</Filter>
    </ClInclude>
    <ClInclude Include="source\play_math\play_math_geometry_quaternion.hpp">
      <Filter>play_math</Filter>
    </ClInclude>
    <ClInclude Include="source\play_math\play_math_geometry___helper_quaternion.hpp">
      <Filter>play_math</Filter>
    </ClInclude>
    <ClInclude Include="source\play_debug\menu_debug.h">
      <Filter>play_debug</Filter>
    </ClInclude>
    <ClInclude Include="source\play_debug\play_debug.h">
      <Filter>play_debug</Filter>
    </ClInclude>
    <ClInclude Include="source\play_cpu\menu_cpu.h">
      <Filter>play_cpu</Filter>
    </ClInclude>
    <ClInclude Include="source\play_cpu\play_cpu_basic.h">
      <Filter>play_cpu</Filter>
    </ClInclude>
    <ClInclude Include="external\r2tm\r2tm_cache_cleaner.hpp">
      <Filter>_external\r2tm</Filter>
    </ClInclude>
    <ClInclude Include="external\r2tm\r2tm_color.hpp">
      <Filter>_external\r2tm</Filter>
    </ClInclude>
    <ClInclude Include="external\r2tm\r2tm_color_modifier.hpp">
      <Filter>_external\r2tm</Filter>
    </ClInclude>
    <ClInclude Include="external\r2tm\r2tm_director.hpp">
      <Filter>_external\r2tm</Filter>
    </ClInclude>
    <ClInclude Include="external\r2tm\r2tm_input.hpp">
      <Filter>_external\r2tm</Filter>
    </ClInclude>
    <ClInclude Include="external\r2tm\r2tm_inspector.hpp">
      <Filter>_external\r2tm</Filter>
    </ClInclude>
    <ClInclude Include="external\r2tm\r2tm_interface_item.hpp">
      <Filter>_external\r2tm</Filter>
    </ClInclude>
    <ClInclude Include="external\r2tm\r2tm_interface_menu.hpp">
      <Filter>_external\r2tm</Filter>
    </ClInclude>
    <ClInclude Include="external\r2tm\r2tm_menu_constant.hpp">
      <Filter>_external\r2tm</Filter>
    </ClInclude>
    <ClInclude Include="external\r2tm\r2tm_menu_processor.hpp">
      <Filter>_external\r2tm</Filter>
    </ClInclude>
    <ClInclude Include="external\r2tm\r2tm_ostream.hpp">
      <Filter>_external\r2tm</Filter>
    </ClInclude>
    <ClInclude Include="external\r2tm\r2tm_print_binary.hpp">
      <Filter>_external\r2tm</Filter>
    </ClInclude>
    <ClInclude Include="external\r2tm\r2tm_print_file.hpp">
      <Filter>_external\r2tm</Filter>
    </ClInclude>
    <ClInclude Include="external\r2tm\r2tm_stop_watch.hpp">
      <Filter>_external\r2tm</Filter>
    </ClInclude>
    <ClInclude Include="external\r2tm\r2tm_version_info.hpp">
      <Filter>_external\r2tm</Filter>
    </ClInclude>
    <ClInclude Include="external\r2tm\r2tm_windows_utility.hpp">
      <Filter>_external\r2tm</Filter>
    </ClInclude>
    <ClInclude Include="external\r2\r2_direction8_bitwise.hpp">
      <Filter>_external\r2</Filter>
    </ClInclude>
    <ClInclude Include="external\r2\r2_direction8_bitwise_state.hpp">
      <Filter>_external\r2</Filter>
    </ClInclude>
    <ClInclude Include="external\r2\r2_epsilon.hpp">
      <Filter>_external\r2</Filter>
    </ClInclude>
    <ClInclude Include="external\r2\r2_fps_timer.hpp">
      <Filter>_external\r2</Filter>
    </ClInclude>
    <ClInclude Include="external\r2\r2_grid_based_on_vector.hpp">
      <Filter>_external\r2</Filter>
    </ClInclude>
    <ClInclude Include="external\r2\r2_grid_index_converter.hpp">
      <Filter>_external\r2</Filter>
    </ClInclude>
    <ClInclude Include="external\r2\r2_list_based_on_array.hpp">
      <Filter>_external\r2</Filter>
    </ClInclude>
    <ClInclude Include="external\r2\r2_list_node.hpp">
      <Filter>_external\r2</Filter>
    </ClInclude>
    <ClInclude Include="external\r2\r2_list_node_allocator_based_on_array.hpp">
      <Filter>_external\r2</Filter>
    </ClInclude>
    <ClInclude Include="external\r2\r2_list_node_iterator.hpp">
      <Filter>_external\r2</Filter>
    </ClInclude>
    <ClInclude Include="external\r2\r2_none_copyable.hpp">
      <Filter>_external\r2</Filter>
    </ClInclude>
    <ClInclude Include="external\r2\r2_point.hpp">
      <Filter>_external\r2</Filter>
    </ClInclude>
    <ClInclude Include="external\r2\r2_point_int.hpp">
      <Filter>_external\r2</Filter>
    </ClInclude>
    <ClInclude Include="external\r2\r2_random.hpp">
      <Filter>_external\r2</Filter>
    </ClInclude>
    <ClInclude Include="external\r2\r2_rect.hpp">
      <Filter>_external\r2</Filter>
    </ClInclude>
    <ClInclude Include="external\r2\r2_rect_int.hpp">
      <Filter>_external\r2</Filter>
    </ClInclude>
    <ClInclude Include="external\r2\r2_rect_iterator.hpp">
      <Filter>_external\r2</Filter>
    </ClInclude>
    <ClInclude Include="external\r2\r2_remove_pointer.hpp">
      <Filter>_external\r2</Filter>
    </ClInclude>
    <ClInclude Include="external\r2\r2_size.hpp">
      <Filter>_external\r2</Filter>
    </ClInclude>
    <ClInclude Include="external\r2\r2_type_traits.hpp">
      <Filter>_external\r2</Filter>
    </ClInclude>
    <ClInclude Include="external\r2\r2_vector4.hpp">
      <Filter>_external\r2</Filter>
    </ClInclude>
    <ClInclude Include="external\r2\r2_version_info.hpp">
      <Filter>_external\r2</Filter>
    </ClInclude>
    <ClInclude Include="external\r2\r2ext_direction4_bitwise_with_point.hpp">
      <Filter>_external\r2</Filter>
    </ClInclude>
    <ClInclude Include="external\r2\r2ext_direction8_bitwise_with_point.hpp">
      <Filter>_external\r2</Filter>
    </ClInclude>
    <ClInclude Include="external\r2\r2printer_std_direction4_bitwise.hpp">
      <Filter>_external\r2</Filter>
    </ClInclude>
    <ClInclude Include="external\r2\r2printer_std_direction8_bitwise.hpp">
      <Filter>_external\r2</Filter>
    </ClInclude>
    <ClInclude Include="external\r2\r2printer_std_vector4.hpp">
      <Filter>_external\r2</Filter>
    </ClInclude>
    <ClInclude Include="external\r2\r2_assert.hpp">
      <Filter>_external\r2</Filter>
    </ClInclude>
    <ClInclude Include="external\r2\r2_direction4_bitwise.hpp">
      <Filter>_external\r2</Filter>
    </ClInclude>
    <ClInclude Include="external\r2\r2_direction4_bitwise_state.hpp">
      <Filter>_external\r2</Filter>
    </ClInclude>
    <ClInclude Include="source\play_hobby\play_infinite_number.hpp">
      <Filter>play_hobby</Filter>
    </ClInclude>
    <ClInclude Include="source\play_hobby\play_list_based_on_array.hpp">
      <Filter>play_hobby</Filter>
    </ClInclude>
    <ClInclude Include="source\play_hobby\play_memory_pool.hpp">
      <Filter>play_hobby</Filter>
    </ClInclude>
    <ClInclude Include="source\play_hobby\play_property.hpp">
      <Filter>play_hobby</Filter>
    </ClInclude>
    <ClInclude Include="source\play_hobby\play_serialize.hpp">
      <Filter>play_hobby</Filter>
    </ClInclude>
    <ClInclude Include="source\play_hobby\play_spin_lock.hpp">
      <Filter>play_hobby</Filter>
    </ClInclude>
    <ClInclude Include="source\play_hobby\play_tree.hpp">
      <Filter>play_hobby</Filter>
    </ClInclude>
    <ClInclude Include="source\play_hobby\menu_infinite_number.hpp">
      <Filter>play_hobby</Filter>
    </ClInclude>
    <ClInclude Include="source\play_hobby\menu_serialize.hpp">
      <Filter>play_hobby</Filter>
    </ClInclude>
    <ClInclude Include="source\play_algorithm\algorithm_helper.hpp">
      <Filter>play_algorithm</Filter>
    </ClInclude>
    <ClInclude Include="source\play_algorithm\menu_algorithm.hpp">
      <Filter>play_algorithm</Filter>
    </ClInclude>
    <ClInclude Include="source\play_algorithm\menu_maze_generation.hpp">
      <Filter>play_algorithm</Filter>
    </ClInclude>
    <ClInclude Include="source\play_algorithm\menu_procedural_terrain_generation.hpp">
      <Filter>play_algorithm</Filter>
    </ClInclude>
    <ClInclude Include="source\play_algorithm\play_algorithm_astar.hpp">
      <Filter>play_algorithm</Filter>
    </ClInclude>
    <ClInclude Include="source\play_algorithm\play_algorithm_bubble_sort.hpp">
      <Filter>play_algorithm</Filter>
    </ClInclude>
    <ClInclude Include="source\play_algorithm\play_algorithm_etc.hpp">
      <Filter>play_algorithm</Filter>
    </ClInclude>
    <ClInclude Include="source\play_algorithm\play_algorithm_insertion_sort.hpp">
      <Filter>play_algorithm</Filter>
    </ClInclude>
    <ClInclude Include="source\play_algorithm\play_algorithm_maze.hpp">
      <Filter>play_algorithm</Filter>
    </ClInclude>
    <ClInclude Include="source\play_algorithm\play_algorithm_selection_sort.hpp">
      <Filter>play_algorithm</Filter>
    </ClInclude>
    <ClInclude Include="source\play_algorithm\play_maze_generation_kruskals.hpp">
      <Filter>play_algorithm</Filter>
    </ClInclude>
    <ClInclude Include="source\play_algorithm\play_procedural_terrain_generation_1.hpp">
      <Filter>play_algorithm</Filter>
    </ClInclude>
    <ClInclude Include="source\play_algorithm\play_procedural_terrain_generation_2.hpp">
      <Filter>play_algorithm</Filter>
    </ClInclude>
    <ClInclude Include="source\play_algorithm\play_procedural_terrain_generation_3.hpp">
      <Filter>play_algorithm</Filter>
    </ClInclude>
    <ClInclude Include="source\play_cpp\menu_align.hpp">
      <Filter>play_cpp</Filter>
    </ClInclude>
    <ClInclude Include="source\play_cpp\menu_char.hpp">
      <Filter>play_cpp</Filter>
    </ClInclude>
    <ClInclude Include="source\play_cpp\menu_class.hpp">
      <Filter>play_cpp</Filter>
    </ClInclude>
    <ClInclude Include="source\play_cpp\menu_cpp.hpp">
      <Filter>play_cpp</Filter>
    </ClInclude>
    <ClInclude Include="source\play_cpp\menu_enum.hpp">
      <Filter>play_cpp</Filter>
    </ClInclude>
    <ClInclude Include="source\play_cpp\menu_lambda.hpp">
      <Filter>play_cpp</Filter>
    </ClInclude>
    <ClInclude Include="source\play_cpp\menu_namespace.hpp">
      <Filter>play_cpp</Filter>
    </ClInclude>
    <ClInclude Include="source\play_cpp\menu_new.hpp">
      <Filter>play_cpp</Filter>
    </ClInclude>
    <ClInclude Include="source\play_cpp\play_cpp_alignas.hpp">
      <Filter>play_cpp</Filter>
    </ClInclude>
    <ClInclude Include="source\play_cpp\play_cpp_alignof.hpp">
      <Filter>play_cpp</Filter>
    </ClInclude>
    <ClInclude Include="source\play_cpp\play_cpp_braces.hpp">
      <Filter>play_cpp</Filter>
    </ClInclude>
    <ClInclude Include="source\play_cpp\play_cpp_char.hpp">
      <Filter>play_cpp</Filter>
    </ClInclude>
    <ClInclude Include="source\play_cpp\play_cpp_class.hpp">
      <Filter>play_cpp</Filter>
    </ClInclude>
    <ClInclude Include="source\play_cpp\play_cpp_class_helper___member_adress.hpp">
      <Filter>play_cpp</Filter>
    </ClInclude>
    <ClInclude Include="source\play_cpp\play_cpp_class_helper___nvi.hpp">
      <Filter>play_cpp</Filter>
    </ClInclude>
    <ClInclude Include="source\play_cpp\play_cpp_class_helper___offset_singleton.hpp">
      <Filter>play_cpp</Filter>
    </ClInclude>
    <ClInclude Include="source\play_cpp\play_cpp_class_helper___size_with_enum.hpp">
      <Filter>play_cpp</Filter>
    </ClInclude>
    <ClInclude Include="source\play_cpp\play_cpp_class_helper___print_name.hpp">
      <Filter>play_cpp</Filter>
    </ClInclude>
    <ClInclude Include="source\play_cpp\play_cpp_class_private_inheritance.hpp">
      <Filter>play_cpp</Filter>
    </ClInclude>
    <ClInclude Include="source\play_cpp\play_cpp_class_private_inheritance_helper___demo1.hpp">
      <Filter>play_cpp</Filter>
    </ClInclude>
    <ClInclude Include="source\play_cpp\play_cpp_class_private_inheritance_helper___ienum.hpp">
      <Filter>play_cpp</Filter>
    </ClInclude>
    <ClInclude Include="source\play_cpp\play_cpp_class_private_inheritance_helper___pure_virtual_interface.hpp">
      <Filter>play_cpp</Filter>
    </ClInclude>
    <ClInclude Include="source\play_cpp\play_cpp_class_private_inheritance_helper___virtual_interface.hpp">
      <Filter>play_cpp</Filter>
    </ClInclude>
    <ClInclude Include="source\play_cpp\play_cpp_enum.hpp">
      <Filter>play_cpp</Filter>
    </ClInclude>
    <ClInclude Include="source\play_cpp\play_cpp_enum_helper___convert_with_template.hpp">
      <Filter>play_cpp</Filter>
    </ClInclude>
    <ClInclude Include="source\play_cpp\play_cpp_enum_helper___make_enum_with_macro.hpp">
      <Filter>play_cpp</Filter>
    </ClInclude>
    <ClInclude Include="source\play_cpp\play_cpp_enum_helper___xmacro_1.hpp">
      <Filter>play_cpp</Filter>
    </ClInclude>
    <ClInclude Include="source\play_cpp\play_cpp_enum_helper___xmacro_2.hpp">
      <Filter>play_cpp</Filter>
    </ClInclude>
    <ClInclude Include="source\play_cpp\play_cpp_korean.hpp">
      <Filter>play_cpp</Filter>
    </ClInclude>
    <ClInclude Include="source\play_cpp\play_cpp_lambda.hpp">
      <Filter>play_cpp</Filter>
    </ClInclude>
    <ClInclude Include="source\play_cpp\play_cpp_locale.hpp">
      <Filter>play_cpp</Filter>
    </ClInclude>
    <ClInclude Include="source\play_cpp\play_cpp_namespace.hpp">
      <Filter>play_cpp</Filter>
    </ClInclude>
    <ClInclude Include="source\play_cpp\play_cpp_new.hpp">
      <Filter>play_cpp</Filter>
    </ClInclude>
    <ClInclude Include="source\play_cpp\play_cpp_number.hpp">
      <Filter>play_cpp</Filter>
    </ClInclude>
    <ClInclude Include="source\play_cpp\play_cpp_structured_binding.hpp">
      <Filter>play_cpp</Filter>
    </ClInclude>
    <ClInclude Include="source\play_cpp\play_cpp_using.hpp">
      <Filter>play_cpp</Filter>
    </ClInclude>
    <ClInclude Include="source\play_c\menu_c.hpp">
      <Filter>play_c</Filter>
    </ClInclude>
    <ClInclude Include="source\play_c\menu_c_bit_operation.hpp">
      <Filter>play_c</Filter>
    </ClInclude>
    <ClInclude Include="source\play_c\menu_c_file.hpp">
      <Filter>play_c</Filter>
    </ClInclude>
    <ClInclude Include="source\play_c\menu_c_operator.hpp">
      <Filter>play_c</Filter>
    </ClInclude>
    <ClInclude Include="source\play_c\menu_c_pointer.hpp">
      <Filter>play_c</Filter>
    </ClInclude>
    <ClInclude Include="source\play_c\menu_c_union.hpp">
      <Filter>play_c</Filter>
    </ClInclude>
    <ClInclude Include="source\play_c\play_c_array.hpp">
      <Filter>play_c</Filter>
    </ClInclude>
    <ClInclude Include="source\play_c\play_c_atexit.hpp">
      <Filter>play_c</Filter>
    </ClInclude>
    <ClInclude Include="source\play_c\play_c_bit_operation.hpp">
      <Filter>play_c</Filter>
    </ClInclude>
    <ClInclude Include="source\play_c\play_c_file.hpp">
      <Filter>play_c</Filter>
    </ClInclude>
    <ClInclude Include="source\play_c\play_c_macro.hpp">
      <Filter>play_c</Filter>
    </ClInclude>
    <ClInclude Include="source\play_c\play_c_memset.hpp">
      <Filter>play_c</Filter>
    </ClInclude>
    <ClInclude Include="source\play_c\play_c_operator_priority.hpp">
      <Filter>play_c</Filter>
    </ClInclude>
    <ClInclude Include="source\play_c\play_c_operator_ternary.hpp">
      <Filter>play_c</Filter>
    </ClInclude>
    <ClInclude Include="source\play_c\play_c_pointer.hpp">
      <Filter>play_c</Filter>
    </ClInclude>
    <ClInclude Include="source\play_c\play_c_printf.hpp">
      <Filter>play_c</Filter>
    </ClInclude>
    <ClInclude Include="source\play_c\play_c_random.hpp">
      <Filter>play_c</Filter>
    </ClInclude>
    <ClInclude Include="source\play_c\play_c_sizeof.hpp">
      <Filter>play_c</Filter>
    </ClInclude>
    <ClInclude Include="source\play_c\play_c_struct.hpp">
      <Filter>play_c</Filter>
    </ClInclude>
    <ClInclude Include="source\play_c\play_c_system.hpp">
      <Filter>play_c</Filter>
    </ClInclude>
    <ClInclude Include="source\play_c\play_c_time.hpp">
      <Filter>play_c</Filter>
    </ClInclude>
    <ClInclude Include="source\play_c\play_c_union.hpp">
      <Filter>play_c</Filter>
    </ClInclude>
    <ClInclude Include="external\r2tm\r2tm_file.hpp">
      <Filter>_external\r2tm</Filter>
    </ClInclude>
    <ClInclude Include="source\play_std\menu_std.hpp">
      <Filter>play_std</Filter>
    </ClInclude>
    <ClInclude Include="source\play_std\menu_std_align.hpp">
      <Filter>play_std</Filter>
    </ClInclude>
    <ClInclude Include="source\play_std\menu_std_cin.hpp">
      <Filter>play_std</Filter>
    </ClInclude>
    <ClInclude Include="source\play_std\menu_std_container.hpp">
      <Filter>play_std</Filter>
    </ClInclude>
    <ClInclude Include="source\play_std\menu_std_cout.hpp">
      <Filter>play_std</Filter>
    </ClInclude>
    <ClInclude Include="source\play_std\menu_std_file_system.hpp">
      <Filter>play_std</Filter>
    </ClInclude>
    <ClInclude Include="source\play_std\menu_std_fstream.hpp">
      <Filter>play_std</Filter>
    </ClInclude>
    <ClInclude Include="source\play_std\menu_std_functional.hpp">
      <Filter>play_std</Filter>
    </ClInclude>
    <ClInclude Include="source\play_std\menu_std_memory.hpp">
      <Filter>play_std</Filter>
    </ClInclude>
    <ClInclude Include="source\play_std\menu_std_numeric.hpp">
      <Filter>play_std</Filter>
    </ClInclude>
    <ClInclude Include="source\play_std\menu_std_optional.hpp">
      <Filter>play_std</Filter>
    </ClInclude>
    <ClInclude Include="source\play_std\menu_std_string.hpp">
      <Filter>play_std</Filter>
    </ClInclude>
    <ClInclude Include="source\play_std\menu_std_string_view.hpp">
      <Filter>play_std</Filter>
    </ClInclude>
    <ClInclude Include="source\play_std\menu_std_thread.hpp">
      <Filter>play_std</Filter>
    </ClInclude>
    <ClInclude Include="source\play_std\play_std_algorithm.hpp">
      <Filter>play_std</Filter>
    </ClInclude>
    <ClInclude Include="source\play_std\play_std_array.hpp">
      <Filter>play_std</Filter>
    </ClInclude>
    <ClInclude Include="source\play_std\play_std_atomic.hpp">
      <Filter>play_std</Filter>
    </ClInclude>
    <ClInclude Include="source\play_std\play_std_bitset.hpp">
      <Filter>play_std</Filter>
    </ClInclude>
    <ClInclude Include="source\play_std\play_std_chrono.hpp">
      <Filter>play_std</Filter>
    </ClInclude>
    <ClInclude Include="source\play_std\play_std_cin.hpp">
      <Filter>play_std</Filter>
    </ClInclude>
    <ClInclude Include="source\play_std\play_std_cout.hpp">
      <Filter>play_std</Filter>
    </ClInclude>
    <ClInclude Include="source\play_std\play_std_filesystem.hpp">
      <Filter>play_std</Filter>
    </ClInclude>
    <ClInclude Include="source\play_std\play_std_fstream.hpp">
      <Filter>play_std</Filter>
    </ClInclude>
    <ClInclude Include="source\play_std\play_std_function.hpp">
      <Filter>play_std</Filter>
    </ClInclude>
    <ClInclude Include="source\play_std\play_std_function_2.hpp">
      <Filter>play_std</Filter>
    </ClInclude>
    <ClInclude Include="source\play_std\play_std_functional_hash.hpp">
      <Filter>play_std</Filter>
    </ClInclude>
    <ClInclude Include="source\play_std\play_std_functional_hash_helper___cstring.hpp">
      <Filter>play_std</Filter>
    </ClInclude>
    <ClInclude Include="source\play_std\play_std_functional_invoke.hpp">
      <Filter>play_std</Filter>
    </ClInclude>
    <ClInclude Include="source\play_std\play_std_functional_invoke_helper.hpp">
      <Filter>play_std</Filter>
    </ClInclude>
    <ClInclude Include="source\play_std\play_std_functional_mem_fn.hpp">
      <Filter>play_std</Filter>
    </ClInclude>
    <ClInclude Include="source\play_std\play_std_functional_mem_fn_helper.hpp">
      <Filter>play_std</Filter>
    </ClInclude>
    <ClInclude Include="source\play_std\play_std_list.hpp">
      <Filter>play_std</Filter>
    </ClInclude>
    <ClInclude Include="source\play_std\play_std_memory_align.hpp">
      <Filter>play_std</Filter>
    </ClInclude>
    <ClInclude Include="source\play_std\play_std_memory_shared_ptr.hpp">
      <Filter>play_std</Filter>
    </ClInclude>
    <ClInclude Include="source\play_std\play_std_memory_unique_ptr.hpp">
      <Filter>play_std</Filter>
    </ClInclude>
    <ClInclude Include="source\play_std\play_std_memory_unique_ptr_helper___forward_declaration.hpp">
      <Filter>play_std</Filter>
    </ClInclude>
    <ClInclude Include="source\play_std\play_std_memory_unique_ptr_helper___template_deleter.hpp">
      <Filter>play_std</Filter>
    </ClInclude>
    <ClInclude Include="source\play_std\play_std_numeric.hpp">
      <Filter>play_std</Filter>
    </ClInclude>
    <ClInclude Include="source\play_std\play_std_optional.hpp">
      <Filter>play_std</Filter>
    </ClInclude>
    <ClInclude Include="source\play_std\play_std_queue.hpp">
      <Filter>play_std</Filter>
    </ClInclude>
    <ClInclude Include="source\play_std\play_std_random.hpp">
      <Filter>play_std</Filter>
    </ClInclude>
    <ClInclude Include="source\play_std\play_std_regex.hpp">
      <Filter>play_std</Filter>
    </ClInclude>
    <ClInclude Include="source\play_std\play_std_string.hpp">
      <Filter>play_std</Filter>
    </ClInclude>
    <ClInclude Include="source\play_std\play_std_string_view.hpp">
      <Filter>play_std</Filter>
    </ClInclude>
    <ClInclude Include="source\play_std\play_std_system.hpp">
      <Filter>play_std</Filter>
    </ClInclude>
    <ClInclude Include="source\play_std\play_std_thread.hpp">
      <Filter>play_std</Filter>
    </ClInclude>
    <ClInclude Include="source\play_std\play_std_thread_helper___declaration2.hpp">
      <Filter>play_std</Filter>
    </ClInclude>
    <ClInclude Include="source\play_std\play_std_tuple.hpp">
      <Filter>play_std</Filter>
    </ClInclude>
    <ClInclude Include="source\play_std\play_std_unordered_map.hpp">
      <Filter>play_std</Filter>
    </ClInclude>
    <ClInclude Include="source\play_std\play_std_unordered_map_helper___cstring.hpp">
      <Filter>play_std</Filter>
    </ClInclude>
    <ClInclude Include="source\play_std\play_std_variant.hpp">
      <Filter>play_std</Filter>
    </ClInclude>
    <ClInclude Include="source\play_std\play_std_vector.hpp">
      <Filter>play_std</Filter>
    </ClInclude>
    <ClInclude Include="source\play_various\menu_various.hpp">
      <Filter>play_various</Filter>
    </ClInclude>
    <ClInclude Include="source\play_various\play_various_0.hpp">
      <Filter>play_various</Filter>
    </ClInclude>
    <ClInclude Include="source\play_random\menu_random.hpp">
      <Filter>play_random</Filter>
    </ClInclude>
    <ClInclude Include="source\play_time\menu_time.hpp">
      <Filter>play_time</Filter>
    </ClInclude>
    <ClInclude Include="source\play_performance\menu_performance.hpp">
      <Filter>play_performancee</Filter>
    </ClInclude>
    <ClInclude Include="source\play_performance\play_performance_1.hpp">
      <Filter>play_performancee</Filter>
    </ClInclude>
    <ClInclude Include="source\play_performance\play_performance_container_iteration.hpp">
      <Filter>play_performancee</Filter>
    </ClInclude>
    <ClInclude Include="source\play_template\menu_template.hpp">
      <Filter>play_template</Filter>
    </ClInclude>
    <ClInclude Include="source\play_template\menu_template_meta_programming.hpp">
      <Filter>play_template</Filter>
    </ClInclude>
    <ClInclude Include="source\play_template\menu_template_variadic.hpp">
      <Filter>play_template</Filter>
    </ClInclude>
    <ClInclude Include="source\play_template\menu_template_practice.hpp">
      <Filter>play_template</Filter>
    </ClInclude>
    <ClInclude Include="source\play_template\play_template_basic.hpp">
      <Filter>play_template</Filter>
    </ClInclude>
    <ClInclude Include="source\play_template\play_template_basic_helper.hpp">
      <Filter>play_template</Filter>
    </ClInclude>
    <ClInclude Include="source\play_template\play_template_basic_helper___parentheses.hpp">
      <Filter>play_template</Filter>
    </ClInclude>
    <ClInclude Include="source\play_template\play_template_meta_programming_01.hpp">
      <Filter>play_template</Filter>
    </ClInclude>
    <ClInclude Include="source\play_template\play_template_meta_programming_02.hpp">
      <Filter>play_template</Filter>
    </ClInclude>
    <ClInclude Include="source\play_template\play_template_meta_programming_03.hpp">
      <Filter>play_template</Filter>
    </ClInclude>
    <ClInclude Include="source\play_template\play_template_practice_02.hpp">
      <Filter>play_template</Filter>
    </ClInclude>
    <ClInclude Include="source\play_template\play_template_practice_02_helper___basic.hpp">
      <Filter>play_template</Filter>
    </ClInclude>
    <ClInclude Include="source\play_template\play_template_practice_part_01.hpp">
      <Filter>play_template</Filter>
    </ClInclude>
    <ClInclude Include="source\play_template\play_template_specialization.hpp">
      <Filter>play_template</Filter>
    </ClInclude>
    <ClInclude Include="source\play_template\play_template_specialization_helper___basic.hpp">
      <Filter>play_template</Filter>
    </ClInclude>
    <ClInclude Include="source\play_template\play_template_variadic.hpp">
      <Filter>play_template</Filter>
    </ClInclude>
    <ClInclude Include="source\play_windows\menu_windows_terminal_flickering_research.hpp">
      <Filter>play_windows</Filter>
    </ClInclude>
    <ClInclude Include="source\play_windows\menu_windows.hpp">
      <Filter>play_windows</Filter>
    </ClInclude>
    <ClInclude Include="source\play_windows\menu_windows_terminal_basic.hpp">
      <Filter>play_windows</Filter>
    </ClInclude>
    <ClInclude Include="source\play_windows\menu_windows_terminal_fond_and_color.hpp">
      <Filter>play_windows</Filter>
    </ClInclude>
    <ClInclude Include="source\play_windows\play_windows_terminal_screen_buffer.hpp">
      <Filter>play_windows</Filter>
    </ClInclude>
    <ClInclude Include="source\play_windows\play_windows_sound.hpp">
      <Filter>play_windows</Filter>
    </ClInclude>
    <ClInclude Include="source\play_windows\play_windows_terminal_basic.hpp">
      <Filter>play_windows</Filter>
    </ClInclude>
    <ClInclude Include="source\play_windows\play_windows_terminal_dc.hpp">
      <Filter>play_windows</Filter>
    </ClInclude>
    <ClInclude Include="source\play_windows\play_windows_terminal_flickering_research.hpp">
      <Filter>play_windows</Filter>
    </ClInclude>
    <ClInclude Include="source\play_windows\play_windows_terminal_font.hpp">
      <Filter>play_windows</Filter>
    </ClInclude>
    <ClInclude Include="source\play_windows\play_windows_terminal_input.hpp">
      <Filter>play_windows</Filter>
    </ClInclude>
    <ClInclude Include="source\play_windows\play_windows_terminal_message.hpp">
      <Filter>play_windows</Filter>
    </ClInclude>
    <ClInclude Include="source\play_windows\play_windows_terminal_text_color.hpp">
      <Filter>play_windows</Filter>
    </ClInclude>
    <ClInclude Include="source\play_windows\play_windows_time.hpp">
      <Filter>play_windows</Filter>
    </ClInclude>
    <ClInclude Include="source\viewer\key_viewer.hpp">
      <Filter>_viewer</Filter>
    </ClInclude>
    <ClInclude Include="source\play_cpp\play_cpp_decltype.hpp">
      <Filter>play_cpp</Filter>
    </ClInclude>
    <ClInclude Include="source\play_cpp\play_cpp_decltype_helper___template.hpp">
      <Filter>play_cpp</Filter>
    </ClInclude>
    <ClInclude Include="source\play_template\play_template_type_extract.hpp">
      <Filter>play_template</Filter>
    </ClInclude>
    <ClInclude Include="source\play_template\play_template_type_extract_helper___value_pointer.hpp">
      <Filter>play_template</Filter>
    </ClInclude>
    <ClInclude Include="source\play_math\menu_play_math_geometry.hpp">
      <Filter>play_math</Filter>
    </ClInclude>
    <ClInclude Include="source\play_math\play_math_sequence.hpp">
      <Filter>play_math</Filter>
    </ClInclude>
    <ClInclude Include="source\play_template\play_template_type_extract_helper___function_pointer.hpp">
      <Filter>play_template</Filter>
    </ClInclude>
    <ClInclude Include="source\play_template\play_template_meta_programming_helper___factorial.hpp">
      <Filter>play_template</Filter>
    </ClInclude>
    <ClInclude Include="source\play_template\play_template_meta_programming_helper___factorial_printer.hpp">
      <Filter>play_template</Filter>
    </ClInclude>
    <ClInclude Include="source\play_template\play_template_meta_programming_helper___greatest_common_divisior.hpp">
      <Filter>play_template</Filter>
    </ClInclude>
    <ClInclude Include="source\play_template\play_template_meta_programming_helper___greatest_common_divisior_process_printer.hpp">
      <Filter>play_template</Filter>
    </ClInclude>
  </ItemGroup>
  <ItemGroup>
    <None Include="source\play_cpp\play_cpp_enum_helper___xmacro_2.def">
      <Filter>play_cpp</Filter>
    </None>
  </ItemGroup>
</Project>