<?xml version="1.0" encoding="utf-8"?>
<Project ToolsVersion="4.0" xmlns="http://schemas.microsoft.com/developer/msbuild/2003">
  <ItemGroup>
    <Filter Include="win32">
      <UniqueIdentifier>{d5e79e51-a985-40c0-9fd4-70428e34f847}</UniqueIdentifier>
    </Filter>
    <Filter Include="base">
      <UniqueIdentifier>{81ab3847-2894-4251-856b-66f39b090229}</UniqueIdentifier>
    </Filter>
    <Filter Include="test">
      <UniqueIdentifier>{77a45f2c-1f22-46b3-9c35-5ee34c38a7b9}</UniqueIdentifier>
    </Filter>
    <Filter Include="renderer">
      <UniqueIdentifier>{be80c73b-e527-4390-b97a-375d1ec30d49}</UniqueIdentifier>
    </Filter>
    <Filter Include="menu">
      <UniqueIdentifier>{b9566801-30ec-4d55-bd6d-040901fc06e3}</UniqueIdentifier>
    </Filter>
  </ItemGroup>
  <ItemGroup>
    <ClCompile Include="src\shared_pointer_test.cpp">
      <Filter>test</Filter>
    </ClCompile>
    <ClCompile Include="src\filesystem_test.cpp">
      <Filter>test</Filter>
    </ClCompile>
    <ClCompile Include="src\random_test.cpp">
      <Filter>test</Filter>
    </ClCompile>
    <ClCompile Include="src\main.cpp">
      <Filter>win32</Filter>
    </ClCompile>
    <ClCompile Include="src\variadic_template_test.cpp">
      <Filter>test</Filter>
    </ClCompile>
    <ClCompile Include="src\optional_test.cpp">
      <Filter>test</Filter>
    </ClCompile>
    <ClCompile Include="src\variant_test.cpp">
      <Filter>test</Filter>
    </ClCompile>
    <ClCompile Include="src\tuple_test.cpp">
      <Filter>test</Filter>
    </ClCompile>
    <ClCompile Include="src\structured_binding_test.cpp">
      <Filter>test</Filter>
    </ClCompile>
    <ClCompile Include="src\assert_test.cpp">
      <Filter>test</Filter>
    </ClCompile>
    <ClCompile Include="src\string_view_test.cpp">
      <Filter>test</Filter>
    </ClCompile>
    <ClCompile Include="src\enum_test.cpp">
      <Filter>test</Filter>
    </ClCompile>
    <ClCompile Include="src\new_test.cpp">
      <Filter>test</Filter>
    </ClCompile>
    <ClCompile Include="src\r2_TemplateMetaProgrammingScene.cpp">
      <Filter>menu</Filter>
    </ClCompile>
    <ClCompile Include="src\pointer_test.cpp">
      <Filter>test</Filter>
    </ClCompile>
    <ClCompile Include="src\r2_PointerTestScene.cpp">
      <Filter>menu</Filter>
    </ClCompile>
    <ClCompile Include="src\align_test.cpp">
      <Filter>test</Filter>
    </ClCompile>
    <ClCompile Include="src\korean_test.cpp">
      <Filter>test</Filter>
    </ClCompile>
    <ClCompile Include="src\pch.cpp">
      <Filter>win32</Filter>
    </ClCompile>
    <ClCompile Include="src\r2_VariadicTemplateScene.cpp">
      <Filter>menu</Filter>
    </ClCompile>
    <ClCompile Include="src\r2_AlignScene.cpp">
      <Filter>menu</Filter>
    </ClCompile>
    <ClCompile Include="src\alignof_test.cpp">
      <Filter>test</Filter>
    </ClCompile>
    <ClCompile Include="src\r2_TemplateScene.cpp">
      <Filter>menu</Filter>
    </ClCompile>
    <ClCompile Include="src\template_practice_part_01_test.cpp">
      <Filter>test</Filter>
    </ClCompile>
    <ClCompile Include="src\alignas_test.cpp">
      <Filter>test</Filter>
    </ClCompile>
    <ClCompile Include="src\memory_pool_test.cpp">
      <Filter>test</Filter>
    </ClCompile>
    <ClCompile Include="src\console_test.cpp">
      <Filter>test</Filter>
    </ClCompile>
    <ClCompile Include="src\template_practice_part_02_test.cpp">
      <Filter>test</Filter>
    </ClCompile>
    <ClCompile Include="src\r2_TemplatePracticeScene.cpp">
      <Filter>menu</Filter>
    </ClCompile>
    <ClCompile Include="src\r2_RandomScene.cpp">
      <Filter>menu</Filter>
    </ClCompile>
    <ClCompile Include="src\r2_Director.cpp">
      <Filter>base</Filter>
    </ClCompile>
    <ClCompile Include="src\lambda_test.cpp">
      <Filter>test</Filter>
    </ClCompile>
    <ClCompile Include="src\print_test.cpp">
      <Filter>test</Filter>
    </ClCompile>
    <ClCompile Include="src\char_test.cpp">
      <Filter>test</Filter>
    </ClCompile>
    <ClCompile Include="src\r2_RendererScene.cpp">
      <Filter>menu</Filter>
    </ClCompile>
    <ClCompile Include="src\renderer_test.cpp">
      <Filter>test</Filter>
    </ClCompile>
    <ClCompile Include="src\template_meta_programming_02_test.cpp">
      <Filter>test</Filter>
    </ClCompile>
    <ClCompile Include="src\template_meta_programming_03_test.cpp">
      <Filter>test</Filter>
    </ClCompile>
    <ClCompile Include="src\template_meta_programming_01_test.cpp">
      <Filter>test</Filter>
    </ClCompile>
    <ClCompile Include="src\r2_LambdaMenu.cpp">
      <Filter>menu</Filter>
    </ClCompile>
    <ClCompile Include="src\r2_Renderer.cpp">
      <Filter>renderer</Filter>
    </ClCompile>
    <ClCompile Include="src\r2_GridIndexConverter.cpp">
      <Filter>renderer</Filter>
    </ClCompile>
    <ClCompile Include="src\r2_VisibleResource.cpp">
      <Filter>renderer</Filter>
    </ClCompile>
    <ClCompile Include="src\r2_Camera.cpp">
      <Filter>renderer</Filter>
    </ClCompile>
    <ClCompile Include="src\r2_RectInt.cpp">
      <Filter>renderer</Filter>
    </ClCompile>
    <ClCompile Include="src\r2_Size.cpp">
      <Filter>renderer</Filter>
    </ClCompile>
    <ClCompile Include="src\r2_PointInt.cpp">
      <Filter>renderer</Filter>
    </ClCompile>
    <ClCompile Include="src\key_test.cpp">
      <Filter>test</Filter>
    </ClCompile>
    <ClCompile Include="src\rect_test.cpp">
      <Filter>test</Filter>
    </ClCompile>
    <ClCompile Include="src\r2_ETCMenu.cpp">
      <Filter>menu</Filter>
    </ClCompile>
    <ClCompile Include="src\etc_0_test.cpp">
      <Filter>test</Filter>
    </ClCompile>
    <ClCompile Include="src\camera_test.cpp">
      <Filter>test</Filter>
    </ClCompile>
    <ClCompile Include="src\r2_RootMenu.cpp">
      <Filter>menu</Filter>
    </ClCompile>
    <ClCompile Include="src\r2_Menu.cpp">
      <Filter>base</Filter>
    </ClCompile>
    <ClCompile Include="src\r2_ConsoleMenu.cpp">
      <Filter>menu</Filter>
    </ClCompile>
    <ClCompile Include="src\r2_EnumMenu.cpp">
      <Filter>menu</Filter>
    </ClCompile>
    <ClCompile Include="src\r2_FileSystemMenu.cpp">
      <Filter>menu</Filter>
    </ClCompile>
    <ClCompile Include="src\r2_MemoryMenu.cpp">
      <Filter>menu</Filter>
    </ClCompile>
    <ClCompile Include="src\r2_NewMenu.cpp">
      <Filter>menu</Filter>
    </ClCompile>
  </ItemGroup>
  <ItemGroup>
    <ClInclude Include="src\shared_pointer_test.h">
      <Filter>test</Filter>
    </ClInclude>
    <ClInclude Include="src\filesystem_test.h">
      <Filter>test</Filter>
    </ClInclude>
    <ClInclude Include="src\random_test.h">
      <Filter>test</Filter>
    </ClInclude>
    <ClInclude Include="src\variadic_template_test.h">
      <Filter>test</Filter>
    </ClInclude>
    <ClInclude Include="src\optional_test.h">
      <Filter>test</Filter>
    </ClInclude>
    <ClInclude Include="src\variant_test.h">
      <Filter>test</Filter>
    </ClInclude>
    <ClInclude Include="src\tuple_test.h">
      <Filter>test</Filter>
    </ClInclude>
    <ClInclude Include="src\structured_binding_test.h">
      <Filter>test</Filter>
    </ClInclude>
    <ClInclude Include="src\assert_test.h">
      <Filter>test</Filter>
    </ClInclude>
    <ClInclude Include="src\string_view_test.h">
      <Filter>test</Filter>
    </ClInclude>
    <ClInclude Include="src\enum_test.h">
      <Filter>test</Filter>
    </ClInclude>
    <ClInclude Include="src\new_test.h">
      <Filter>test</Filter>
    </ClInclude>
    <ClInclude Include="src\r2_TemplateMetaProgrammingScene.h">
      <Filter>menu</Filter>
    </ClInclude>
    <ClInclude Include="src\pointer_test.h">
      <Filter>test</Filter>
    </ClInclude>
    <ClInclude Include="src\r2_PointerTestScene.h">
      <Filter>menu</Filter>
    </ClInclude>
    <ClInclude Include="src\align_test.h">
      <Filter>test</Filter>
    </ClInclude>
    <ClInclude Include="src\korean_test.h">
      <Filter>test</Filter>
    </ClInclude>
    <ClInclude Include="src\pch.h">
      <Filter>win32</Filter>
    </ClInclude>
    <ClInclude Include="src\r2_VariadicTemplateScene.h">
      <Filter>menu</Filter>
    </ClInclude>
    <ClInclude Include="src\r2_AlignScene.h">
      <Filter>menu</Filter>
    </ClInclude>
    <ClInclude Include="src\alignof_test.h">
      <Filter>test</Filter>
    </ClInclude>
    <ClInclude Include="src\r2_TemplateScene.h">
      <Filter>menu</Filter>
    </ClInclude>
    <ClInclude Include="src\template_practice_part_01_test.h">
      <Filter>test</Filter>
    </ClInclude>
    <ClInclude Include="src\alignas_test.h">
      <Filter>test</Filter>
    </ClInclude>
    <ClInclude Include="src\memory_pool_test.h">
      <Filter>test</Filter>
    </ClInclude>
    <ClInclude Include="src\console_test.h">
      <Filter>test</Filter>
    </ClInclude>
    <ClInclude Include="src\template_practice_part_02_test.h">
      <Filter>test</Filter>
    </ClInclude>
    <ClInclude Include="src\r2_TemplatePracticeScene.h">
      <Filter>menu</Filter>
    </ClInclude>
    <ClInclude Include="src\r2_RandomScene.h">
      <Filter>menu</Filter>
    </ClInclude>
    <ClInclude Include="src\r2_Director.h">
      <Filter>base</Filter>
    </ClInclude>
    <ClInclude Include="src\r2_eTestResult.h">
      <Filter>base</Filter>
    </ClInclude>
    <ClInclude Include="src\lambda_test.h">
      <Filter>test</Filter>
    </ClInclude>
    <ClInclude Include="src\print_test.h">
      <Filter>test</Filter>
    </ClInclude>
    <ClInclude Include="src\char_test.h">
      <Filter>test</Filter>
    </ClInclude>
    <ClInclude Include="src\r2_RendererScene.h">
      <Filter>menu</Filter>
    </ClInclude>
    <ClInclude Include="src\r2_Singleton.h">
      <Filter>base</Filter>
    </ClInclude>
    <ClInclude Include="src\renderer_test.h">
      <Filter>test</Filter>
    </ClInclude>
    <ClInclude Include="src\r2_iTest.h">
      <Filter>base</Filter>
    </ClInclude>
    <ClInclude Include="src\template_meta_programming_02_test.h">
      <Filter>test</Filter>
    </ClInclude>
    <ClInclude Include="src\template_meta_programming_03_test.h">
      <Filter>test</Filter>
    </ClInclude>
    <ClInclude Include="src\template_meta_programming_01_test.h">
      <Filter>test</Filter>
    </ClInclude>
    <ClInclude Include="src\r2_LambdaMenu.h">
      <Filter>menu</Filter>
    </ClInclude>
    <ClInclude Include="src\r2_Renderer.h">
      <Filter>renderer</Filter>
    </ClInclude>
    <ClInclude Include="src\r2_GridIndexConverter.h">
      <Filter>renderer</Filter>
    </ClInclude>
    <ClInclude Include="src\r2_VisibleResource.h">
      <Filter>renderer</Filter>
    </ClInclude>
    <ClInclude Include="src\r2_Camera.h">
      <Filter>renderer</Filter>
    </ClInclude>
    <ClInclude Include="src\r2_Rect.h">
      <Filter>renderer</Filter>
    </ClInclude>
    <ClInclude Include="src\r2_RectInt.h">
      <Filter>renderer</Filter>
    </ClInclude>
    <ClInclude Include="src\r2_Size.h">
      <Filter>renderer</Filter>
    </ClInclude>
    <ClInclude Include="src\r2_Point.h">
      <Filter>renderer</Filter>
    </ClInclude>
    <ClInclude Include="src\r2_PointInt.h">
      <Filter>renderer</Filter>
    </ClInclude>
    <ClInclude Include="src\r2_iRenderable.h">
      <Filter>renderer</Filter>
    </ClInclude>
    <ClInclude Include="src\key_test.h">
      <Filter>test</Filter>
    </ClInclude>
    <ClInclude Include="src\rect_test.h">
      <Filter>test</Filter>
    </ClInclude>
    <ClInclude Include="src\r2_ETCMenu.h">
      <Filter>menu</Filter>
    </ClInclude>
    <ClInclude Include="src\etc_0_test.h">
      <Filter>test</Filter>
    </ClInclude>
    <ClInclude Include="src\camera_test.h">
      <Filter>test</Filter>
    </ClInclude>
    <ClInclude Include="src\r2_RootMenu.h">
      <Filter>menu</Filter>
    </ClInclude>
    <ClInclude Include="src\r2_Menu.h">
      <Filter>base</Filter>
    </ClInclude>
    <ClInclude Include="src\r2_ConsoleMenu.h">
      <Filter>menu</Filter>
    </ClInclude>
    <ClInclude Include="src\r2_EnumMenu.h">
      <Filter>menu</Filter>
    </ClInclude>
    <ClInclude Include="src\r2_FileSystemMenu.h">
      <Filter>menu</Filter>
    </ClInclude>
    <ClInclude Include="src\r2_MemoryMenu.h">
      <Filter>menu</Filter>
    </ClInclude>
    <ClInclude Include="src\r2_NewMenu.h">
      <Filter>menu</Filter>
    </ClInclude>
  </ItemGroup>
</Project>