<?xml version="1.0" encoding="utf-8"?>
<Project ToolsVersion="4.0" xmlns="http://schemas.microsoft.com/developer/msbuild/2003">
  <ItemGroup>
    <Filter Include="base">
      <UniqueIdentifier>{81ab3847-2894-4251-856b-66f39b090229}</UniqueIdentifier>
    </Filter>
    <Filter Include="menu">
      <UniqueIdentifier>{b9566801-30ec-4d55-bd6d-040901fc06e3}</UniqueIdentifier>
    </Filter>
    <Filter Include="test_cpp">
      <UniqueIdentifier>{77a45f2c-1f22-46b3-9c35-5ee34c38a7b9}</UniqueIdentifier>
    </Filter>
    <Filter Include="util">
      <UniqueIdentifier>{b470e37a-ab48-4294-91e6-d840afb5ce71}</UniqueIdentifier>
    </Filter>
    <Filter Include="r2">
      <UniqueIdentifier>{2163bc18-fed6-4ce9-bd92-6934666924f5}</UniqueIdentifier>
    </Filter>
    <Filter Include="test_algorithm">
      <UniqueIdentifier>{c256e4fc-5074-43ac-9a3c-e7ac60bb99b5}</UniqueIdentifier>
    </Filter>
  </ItemGroup>
  <ItemGroup>
    <ClCompile Include="src\main.cpp" />
    <ClCompile Include="src\menu\r2_AlignMenu.cpp">
      <Filter>menu</Filter>
    </ClCompile>
    <ClCompile Include="src\menu\r2_ConsoleMenu.cpp">
      <Filter>menu</Filter>
    </ClCompile>
    <ClCompile Include="src\menu\r2_EnumMenu.cpp">
      <Filter>menu</Filter>
    </ClCompile>
    <ClCompile Include="src\menu\r2_ETCMenu.cpp">
      <Filter>menu</Filter>
    </ClCompile>
    <ClCompile Include="src\menu\r2_FileSystemMenu.cpp">
      <Filter>menu</Filter>
    </ClCompile>
    <ClCompile Include="src\menu\r2_LambdaMenu.cpp">
      <Filter>menu</Filter>
    </ClCompile>
    <ClCompile Include="src\menu\r2_MemoryMenu.cpp">
      <Filter>menu</Filter>
    </ClCompile>
    <ClCompile Include="src\menu\r2_NewMenu.cpp">
      <Filter>menu</Filter>
    </ClCompile>
    <ClCompile Include="src\menu\r2_PointerMenu.cpp">
      <Filter>menu</Filter>
    </ClCompile>
    <ClCompile Include="src\menu\r2_RandomMenu.cpp">
      <Filter>menu</Filter>
    </ClCompile>
    <ClCompile Include="src\menu\r2_RootMenu.cpp">
      <Filter>menu</Filter>
    </ClCompile>
    <ClCompile Include="src\menu\r2_TemplateMenu.cpp">
      <Filter>menu</Filter>
    </ClCompile>
    <ClCompile Include="src\menu\r2_TemplateMetaProgrammingMenu.cpp">
      <Filter>menu</Filter>
    </ClCompile>
    <ClCompile Include="src\menu\r2_TemplatePracticeMenu.cpp">
      <Filter>menu</Filter>
    </ClCompile>
    <ClCompile Include="src\menu\r2_TimeMenu.cpp">
      <Filter>menu</Filter>
    </ClCompile>
    <ClCompile Include="src\menu\r2_VariadicTemplateMenu.cpp">
      <Filter>menu</Filter>
    </ClCompile>
    <ClCompile Include="src\test_cpp\align_test.cpp">
      <Filter>test_cpp</Filter>
    </ClCompile>
    <ClCompile Include="src\test_cpp\alignas_test.cpp">
      <Filter>test_cpp</Filter>
    </ClCompile>
    <ClCompile Include="src\test_cpp\alignof_test.cpp">
      <Filter>test_cpp</Filter>
    </ClCompile>
    <ClCompile Include="src\test_cpp\assert_test.cpp">
      <Filter>test_cpp</Filter>
    </ClCompile>
    <ClCompile Include="src\test_cpp\char_test.cpp">
      <Filter>test_cpp</Filter>
    </ClCompile>
    <ClCompile Include="src\test_cpp\console_test.cpp">
      <Filter>test_cpp</Filter>
    </ClCompile>
    <ClCompile Include="src\test_cpp\enum_test.cpp">
      <Filter>test_cpp</Filter>
    </ClCompile>
    <ClCompile Include="src\test_cpp\etc_0_test.cpp">
      <Filter>test_cpp</Filter>
    </ClCompile>
    <ClCompile Include="src\test_cpp\filesystem_test.cpp">
      <Filter>test_cpp</Filter>
    </ClCompile>
    <ClCompile Include="src\test_cpp\korean_test.cpp">
      <Filter>test_cpp</Filter>
    </ClCompile>
    <ClCompile Include="src\test_cpp\lambda_test.cpp">
      <Filter>test_cpp</Filter>
    </ClCompile>
    <ClCompile Include="src\test_cpp\locale_test.cpp">
      <Filter>test_cpp</Filter>
    </ClCompile>
    <ClCompile Include="src\test_cpp\memory_pool_test.cpp">
      <Filter>test_cpp</Filter>
    </ClCompile>
    <ClCompile Include="src\test_cpp\new_test.cpp">
      <Filter>test_cpp</Filter>
    </ClCompile>
    <ClCompile Include="src\test_cpp\optional_test.cpp">
      <Filter>test_cpp</Filter>
    </ClCompile>
    <ClCompile Include="src\test_cpp\pointer_test.cpp">
      <Filter>test_cpp</Filter>
    </ClCompile>
    <ClCompile Include="src\test_cpp\print_test.cpp">
      <Filter>test_cpp</Filter>
    </ClCompile>
    <ClCompile Include="src\test_cpp\random_test.cpp">
      <Filter>test_cpp</Filter>
    </ClCompile>
    <ClCompile Include="src\test_cpp\string_view_test.cpp">
      <Filter>test_cpp</Filter>
    </ClCompile>
    <ClCompile Include="src\test_cpp\structured_binding_test.cpp">
      <Filter>test_cpp</Filter>
    </ClCompile>
    <ClCompile Include="src\test_cpp\template_meta_programming_01_test.cpp">
      <Filter>test_cpp</Filter>
    </ClCompile>
    <ClCompile Include="src\test_cpp\template_meta_programming_02_test.cpp">
      <Filter>test_cpp</Filter>
    </ClCompile>
    <ClCompile Include="src\test_cpp\template_meta_programming_03_test.cpp">
      <Filter>test_cpp</Filter>
    </ClCompile>
    <ClCompile Include="src\test_cpp\template_practice_part_01_test.cpp">
      <Filter>test_cpp</Filter>
    </ClCompile>
    <ClCompile Include="src\test_cpp\time_1_test.cpp">
      <Filter>test_cpp</Filter>
    </ClCompile>
    <ClCompile Include="src\test_cpp\time_2_test.cpp">
      <Filter>test_cpp</Filter>
    </ClCompile>
    <ClCompile Include="src\test_cpp\time_3_test.cpp">
      <Filter>test_cpp</Filter>
    </ClCompile>
    <ClCompile Include="src\test_cpp\tuple_test.cpp">
      <Filter>test_cpp</Filter>
    </ClCompile>
    <ClCompile Include="src\test_cpp\variadic_template_test.cpp">
      <Filter>test_cpp</Filter>
    </ClCompile>
    <ClCompile Include="src\test_cpp\variant_test.cpp">
      <Filter>test_cpp</Filter>
    </ClCompile>
    <ClCompile Include="src\base\r2_Director.cpp">
      <Filter>base</Filter>
    </ClCompile>
    <ClCompile Include="src\base\r2_Menu.cpp">
      <Filter>base</Filter>
    </ClCompile>
    <ClCompile Include="src\pch.cpp" />
    <ClCompile Include="src\test_cpp\vector_test.cpp">
      <Filter>test_cpp</Filter>
    </ClCompile>
    <ClCompile Include="src\menu\r2_ContainerMenu.cpp">
      <Filter>menu</Filter>
    </ClCompile>
    <ClCompile Include="src\test_cpp\class_test.cpp">
      <Filter>test_cpp</Filter>
    </ClCompile>
    <ClCompile Include="src\test_cpp\thread_test.cpp">
      <Filter>test_cpp</Filter>
    </ClCompile>
    <ClCompile Include="src\test_cpp\std_array_test.cpp">
      <Filter>test_cpp</Filter>
    </ClCompile>
    <ClCompile Include="src\menu\r2_ThreadMenu.cpp">
      <Filter>menu</Filter>
    </ClCompile>
    <ClCompile Include="src\menu\r2_CharMenu.cpp">
      <Filter>menu</Filter>
    </ClCompile>
    <ClCompile Include="src\test_cpp\smart_pointer_test.cpp">
      <Filter>test_cpp</Filter>
    </ClCompile>
    <ClCompile Include="src\menu\r2_MathMenu.cpp">
      <Filter>menu</Filter>
    </ClCompile>
    <ClCompile Include="src\test_cpp\vector3_test.cpp">
      <Filter>test_cpp</Filter>
    </ClCompile>
    <ClCompile Include="src\test_cpp\infinite_number_test.cpp">
      <Filter>test_cpp</Filter>
    </ClCompile>
    <ClCompile Include="src\test_cpp\atomic_test.cpp">
      <Filter>test_cpp</Filter>
    </ClCompile>
    <ClCompile Include="src\util\r2util_StopWatch.cpp">
      <Filter>util</Filter>
    </ClCompile>
    <ClCompile Include="src\menu\r2_PerformanceMenu.cpp">
      <Filter>menu</Filter>
    </ClCompile>
    <ClCompile Include="src\test_cpp\performance_1_test.cpp">
      <Filter>test_cpp</Filter>
    </ClCompile>
    <ClCompile Include="src\menu\r2_STDMenu.cpp">
      <Filter>menu</Filter>
    </ClCompile>
    <ClCompile Include="src\test_cpp\performance_container_iteration_test.cpp">
      <Filter>test_cpp</Filter>
    </ClCompile>
    <ClCompile Include="src\test_cpp\numeric_test.cpp">
      <Filter>test_cpp</Filter>
    </ClCompile>
    <ClCompile Include="src\menu\r2_NumericMenu.cpp">
      <Filter>menu</Filter>
    </ClCompile>
    <ClCompile Include="src\menu\r2_AlgorithmMenu.cpp">
      <Filter>menu</Filter>
    </ClCompile>
    <ClCompile Include="src\test_cpp\std_function_test.cpp">
      <Filter>test_cpp</Filter>
    </ClCompile>
    <ClCompile Include="src\r2\r2_GridIndexConverter.cpp">
      <Filter>r2</Filter>
    </ClCompile>
    <ClCompile Include="src\test_cpp\std_function_2_test.cpp">
      <Filter>test_cpp</Filter>
    </ClCompile>
    <ClCompile Include="src\test_algorithm\algorithm_bubble_sort_test.cpp">
      <Filter>test_algorithm</Filter>
    </ClCompile>
    <ClCompile Include="src\test_algorithm\algorithm_insertion_sort_test.cpp">
      <Filter>test_algorithm</Filter>
    </ClCompile>
    <ClCompile Include="src\test_algorithm\algorithm_maze_test.cpp">
      <Filter>test_algorithm</Filter>
    </ClCompile>
    <ClCompile Include="src\test_algorithm\algorithm_selection_sort_test.cpp">
      <Filter>test_algorithm</Filter>
    </ClCompile>
    <ClCompile Include="src\r2\r2_Direction4.cpp">
      <Filter>r2</Filter>
    </ClCompile>
    <ClCompile Include="src\test_cpp\struct_member_alignment_test.cpp">
      <Filter>test_cpp</Filter>
    </ClCompile>
    <ClCompile Include="src\test_cpp\console_window_test.cpp">
      <Filter>test_cpp</Filter>
    </ClCompile>
    <ClCompile Include="src\test_cpp\console_buffer_test.cpp">
      <Filter>test_cpp</Filter>
    </ClCompile>
    <ClCompile Include="src\test_cpp\console_text_color_test.cpp">
      <Filter>test_cpp</Filter>
    </ClCompile>
    <ClCompile Include="src\test_cpp\console_input_test.cpp">
      <Filter>test_cpp</Filter>
    </ClCompile>
  </ItemGroup>
  <ItemGroup>
    <ClInclude Include="src\menu\r2_AlignMenu.h">
      <Filter>menu</Filter>
    </ClInclude>
    <ClInclude Include="src\menu\r2_ConsoleMenu.h">
      <Filter>menu</Filter>
    </ClInclude>
    <ClInclude Include="src\menu\r2_EnumMenu.h">
      <Filter>menu</Filter>
    </ClInclude>
    <ClInclude Include="src\menu\r2_ETCMenu.h">
      <Filter>menu</Filter>
    </ClInclude>
    <ClInclude Include="src\menu\r2_FileSystemMenu.h">
      <Filter>menu</Filter>
    </ClInclude>
    <ClInclude Include="src\menu\r2_LambdaMenu.h">
      <Filter>menu</Filter>
    </ClInclude>
    <ClInclude Include="src\menu\r2_MemoryMenu.h">
      <Filter>menu</Filter>
    </ClInclude>
    <ClInclude Include="src\menu\r2_NewMenu.h">
      <Filter>menu</Filter>
    </ClInclude>
    <ClInclude Include="src\menu\r2_PointerMenu.h">
      <Filter>menu</Filter>
    </ClInclude>
    <ClInclude Include="src\menu\r2_RandomMenu.h">
      <Filter>menu</Filter>
    </ClInclude>
    <ClInclude Include="src\menu\r2_RootMenu.h">
      <Filter>menu</Filter>
    </ClInclude>
    <ClInclude Include="src\menu\r2_TemplateMenu.h">
      <Filter>menu</Filter>
    </ClInclude>
    <ClInclude Include="src\menu\r2_TemplateMetaProgrammingMenu.h">
      <Filter>menu</Filter>
    </ClInclude>
    <ClInclude Include="src\menu\r2_TemplatePracticeMenu.h">
      <Filter>menu</Filter>
    </ClInclude>
    <ClInclude Include="src\menu\r2_TimeMenu.h">
      <Filter>menu</Filter>
    </ClInclude>
    <ClInclude Include="src\menu\r2_VariadicTemplateMenu.h">
      <Filter>menu</Filter>
    </ClInclude>
    <ClInclude Include="src\test_cpp\align_test.h">
      <Filter>test_cpp</Filter>
    </ClInclude>
    <ClInclude Include="src\test_cpp\alignas_test.h">
      <Filter>test_cpp</Filter>
    </ClInclude>
    <ClInclude Include="src\test_cpp\alignof_test.h">
      <Filter>test_cpp</Filter>
    </ClInclude>
    <ClInclude Include="src\test_cpp\assert_test.h">
      <Filter>test_cpp</Filter>
    </ClInclude>
    <ClInclude Include="src\test_cpp\char_test.h">
      <Filter>test_cpp</Filter>
    </ClInclude>
    <ClInclude Include="src\test_cpp\console_test.h">
      <Filter>test_cpp</Filter>
    </ClInclude>
    <ClInclude Include="src\test_cpp\enum_test.h">
      <Filter>test_cpp</Filter>
    </ClInclude>
    <ClInclude Include="src\test_cpp\etc_0_test.h">
      <Filter>test_cpp</Filter>
    </ClInclude>
    <ClInclude Include="src\test_cpp\filesystem_test.h">
      <Filter>test_cpp</Filter>
    </ClInclude>
    <ClInclude Include="src\test_cpp\korean_test.h">
      <Filter>test_cpp</Filter>
    </ClInclude>
    <ClInclude Include="src\test_cpp\lambda_test.h">
      <Filter>test_cpp</Filter>
    </ClInclude>
    <ClInclude Include="src\test_cpp\locale_test.h">
      <Filter>test_cpp</Filter>
    </ClInclude>
    <ClInclude Include="src\test_cpp\memory_pool_test.h">
      <Filter>test_cpp</Filter>
    </ClInclude>
    <ClInclude Include="src\test_cpp\new_test.h">
      <Filter>test_cpp</Filter>
    </ClInclude>
    <ClInclude Include="src\test_cpp\optional_test.h">
      <Filter>test_cpp</Filter>
    </ClInclude>
    <ClInclude Include="src\test_cpp\pointer_test.h">
      <Filter>test_cpp</Filter>
    </ClInclude>
    <ClInclude Include="src\test_cpp\print_test.h">
      <Filter>test_cpp</Filter>
    </ClInclude>
    <ClInclude Include="src\test_cpp\random_test.h">
      <Filter>test_cpp</Filter>
    </ClInclude>
    <ClInclude Include="src\test_cpp\string_view_test.h">
      <Filter>test_cpp</Filter>
    </ClInclude>
    <ClInclude Include="src\test_cpp\structured_binding_test.h">
      <Filter>test_cpp</Filter>
    </ClInclude>
    <ClInclude Include="src\test_cpp\template_meta_programming_01_test.h">
      <Filter>test_cpp</Filter>
    </ClInclude>
    <ClInclude Include="src\test_cpp\template_meta_programming_02_test.h">
      <Filter>test_cpp</Filter>
    </ClInclude>
    <ClInclude Include="src\test_cpp\template_meta_programming_03_test.h">
      <Filter>test_cpp</Filter>
    </ClInclude>
    <ClInclude Include="src\test_cpp\template_practice_part_01_test.h">
      <Filter>test_cpp</Filter>
    </ClInclude>
    <ClInclude Include="src\test_cpp\time_1_test.h">
      <Filter>test_cpp</Filter>
    </ClInclude>
    <ClInclude Include="src\test_cpp\time_2_test.h">
      <Filter>test_cpp</Filter>
    </ClInclude>
    <ClInclude Include="src\test_cpp\time_3_test.h">
      <Filter>test_cpp</Filter>
    </ClInclude>
    <ClInclude Include="src\test_cpp\tuple_test.h">
      <Filter>test_cpp</Filter>
    </ClInclude>
    <ClInclude Include="src\test_cpp\variadic_template_test.h">
      <Filter>test_cpp</Filter>
    </ClInclude>
    <ClInclude Include="src\test_cpp\variant_test.h">
      <Filter>test_cpp</Filter>
    </ClInclude>
    <ClInclude Include="src\base\r2_Director.h">
      <Filter>base</Filter>
    </ClInclude>
    <ClInclude Include="src\base\r2_eTestResult.h">
      <Filter>base</Filter>
    </ClInclude>
    <ClInclude Include="src\base\r2_iTest.h">
      <Filter>base</Filter>
    </ClInclude>
    <ClInclude Include="src\base\r2_Menu.h">
      <Filter>base</Filter>
    </ClInclude>
    <ClInclude Include="src\base\r2_Singleton.h">
      <Filter>base</Filter>
    </ClInclude>
    <ClInclude Include="src\pch.h" />
    <ClInclude Include="src\test_cpp\vector_test.h">
      <Filter>test_cpp</Filter>
    </ClInclude>
    <ClInclude Include="src\menu\r2_ContainerMenu.h">
      <Filter>menu</Filter>
    </ClInclude>
    <ClInclude Include="src\test_cpp\class_test.h">
      <Filter>test_cpp</Filter>
    </ClInclude>
    <ClInclude Include="src\test_cpp\thread_test.h">
      <Filter>test_cpp</Filter>
    </ClInclude>
    <ClInclude Include="src\test_cpp\std_array_test.h">
      <Filter>test_cpp</Filter>
    </ClInclude>
    <ClInclude Include="src\menu\r2_ThreadMenu.h">
      <Filter>menu</Filter>
    </ClInclude>
    <ClInclude Include="src\menu\r2_CharMenu.h">
      <Filter>menu</Filter>
    </ClInclude>
    <ClInclude Include="src\test_cpp\smart_pointer_test.h">
      <Filter>test_cpp</Filter>
    </ClInclude>
    <ClInclude Include="src\menu\r2_MathMenu.h">
      <Filter>menu</Filter>
    </ClInclude>
    <ClInclude Include="src\test_cpp\vector3_test.h">
      <Filter>test_cpp</Filter>
    </ClInclude>
    <ClInclude Include="src\test_cpp\infinite_number_test.h">
      <Filter>test_cpp</Filter>
    </ClInclude>
    <ClInclude Include="src\test_cpp\atomic_test.h">
      <Filter>test_cpp</Filter>
    </ClInclude>
    <ClInclude Include="src\util\r2util_StopWatch.h">
      <Filter>util</Filter>
    </ClInclude>
    <ClInclude Include="src\menu\r2_PerformanceMenu.h">
      <Filter>menu</Filter>
    </ClInclude>
    <ClInclude Include="src\test_cpp\performance_1_test.h">
      <Filter>test_cpp</Filter>
    </ClInclude>
    <ClInclude Include="src\menu\r2_STDMenu.h">
      <Filter>menu</Filter>
    </ClInclude>
    <ClInclude Include="src\test_cpp\performance_container_iteration_test.h">
      <Filter>test_cpp</Filter>
    </ClInclude>
    <ClInclude Include="src\test_cpp\numeric_test.h">
      <Filter>test_cpp</Filter>
    </ClInclude>
    <ClInclude Include="src\menu\r2_NumericMenu.h">
      <Filter>menu</Filter>
    </ClInclude>
    <ClInclude Include="src\menu\r2_AlgorithmMenu.h">
      <Filter>menu</Filter>
    </ClInclude>
    <ClInclude Include="src\test_cpp\std_function_test.h">
      <Filter>test_cpp</Filter>
    </ClInclude>
    <ClInclude Include="src\r2\r2_Point.h">
      <Filter>r2</Filter>
    </ClInclude>
    <ClInclude Include="src\r2\r2_Grid.h">
      <Filter>r2</Filter>
    </ClInclude>
    <ClInclude Include="src\r2\r2_GridIndexConverter.h">
      <Filter>r2</Filter>
    </ClInclude>
    <ClInclude Include="src\test_cpp\std_function_2_test.h">
      <Filter>test_cpp</Filter>
    </ClInclude>
    <ClInclude Include="src\test_algorithm\algorithm_bubble_sort_test.h">
      <Filter>test_algorithm</Filter>
    </ClInclude>
    <ClInclude Include="src\test_algorithm\algorithm_insertion_sort_test.h">
      <Filter>test_algorithm</Filter>
    </ClInclude>
    <ClInclude Include="src\test_algorithm\algorithm_maze_test.h">
      <Filter>test_algorithm</Filter>
    </ClInclude>
    <ClInclude Include="src\test_algorithm\algorithm_selection_sort_test.h">
      <Filter>test_algorithm</Filter>
    </ClInclude>
    <ClInclude Include="src\r2\r2_Direction4.h">
      <Filter>r2</Filter>
    </ClInclude>
    <ClInclude Include="src\test_cpp\struct_member_alignment_test.h">
      <Filter>test_cpp</Filter>
    </ClInclude>
    <ClInclude Include="src\test_cpp\console_window_test.h">
      <Filter>test_cpp</Filter>
    </ClInclude>
    <ClInclude Include="src\test_cpp\console_buffer_test.h">
      <Filter>test_cpp</Filter>
    </ClInclude>
    <ClInclude Include="src\test_cpp\console_text_color_test.h">
      <Filter>test_cpp</Filter>
    </ClInclude>
    <ClInclude Include="src\test_cpp\console_input_test.h">
      <Filter>test_cpp</Filter>
    </ClInclude>
  </ItemGroup>
</Project>