<?xml version="1.0" encoding="utf-8"?>
<Project ToolsVersion="4.0" xmlns="http://schemas.microsoft.com/developer/msbuild/2003">
  <ItemGroup>
    <Filter Include="base">
      <UniqueIdentifier>{81ab3847-2894-4251-856b-66f39b090229}</UniqueIdentifier>
    </Filter>
    <Filter Include="menu">
      <UniqueIdentifier>{b9566801-30ec-4d55-bd6d-040901fc06e3}</UniqueIdentifier>
    </Filter>
    <Filter Include="test_cpp">
      <UniqueIdentifier>{77a45f2c-1f22-46b3-9c35-5ee34c38a7b9}</UniqueIdentifier>
    </Filter>
    <Filter Include="r2">
      <UniqueIdentifier>{2163bc18-fed6-4ce9-bd92-6934666924f5}</UniqueIdentifier>
    </Filter>
    <Filter Include="test_algorithm">
      <UniqueIdentifier>{c256e4fc-5074-43ac-9a3c-e7ac60bb99b5}</UniqueIdentifier>
    </Filter>
    <Filter Include="algorithm">
      <UniqueIdentifier>{bb464bee-2936-45c5-9434-19d5decd9078}</UniqueIdentifier>
    </Filter>
    <Filter Include="test_hobby">
      <UniqueIdentifier>{3c5e3fee-a097-460f-9772-dbfd7cefa3ae}</UniqueIdentifier>
    </Filter>
    <Filter Include="utility">
      <UniqueIdentifier>{b470e37a-ab48-4294-91e6-d840afb5ce71}</UniqueIdentifier>
    </Filter>
  </ItemGroup>
  <ItemGroup>
    <ClCompile Include="src\main.cpp" />
    <ClCompile Include="src\menu\r2_AlignMenu.cpp">
      <Filter>menu</Filter>
    </ClCompile>
    <ClCompile Include="src\menu\r2_EnumMenu.cpp">
      <Filter>menu</Filter>
    </ClCompile>
    <ClCompile Include="src\menu\r2_ETCMenu.cpp">
      <Filter>menu</Filter>
    </ClCompile>
    <ClCompile Include="src\menu\r2_FileSystemMenu.cpp">
      <Filter>menu</Filter>
    </ClCompile>
    <ClCompile Include="src\menu\r2_LambdaMenu.cpp">
      <Filter>menu</Filter>
    </ClCompile>
    <ClCompile Include="src\menu\r2_NewMenu.cpp">
      <Filter>menu</Filter>
    </ClCompile>
    <ClCompile Include="src\menu\r2_PointerMenu.cpp">
      <Filter>menu</Filter>
    </ClCompile>
    <ClCompile Include="src\menu\r2_RandomMenu.cpp">
      <Filter>menu</Filter>
    </ClCompile>
    <ClCompile Include="src\menu\r2_RootMenu.cpp">
      <Filter>menu</Filter>
    </ClCompile>
    <ClCompile Include="src\menu\r2_TemplateMenu.cpp">
      <Filter>menu</Filter>
    </ClCompile>
    <ClCompile Include="src\menu\r2_TemplateMetaProgrammingMenu.cpp">
      <Filter>menu</Filter>
    </ClCompile>
    <ClCompile Include="src\menu\r2_TemplatePracticeMenu.cpp">
      <Filter>menu</Filter>
    </ClCompile>
    <ClCompile Include="src\menu\r2_TimeMenu.cpp">
      <Filter>menu</Filter>
    </ClCompile>
    <ClCompile Include="src\menu\r2_VariadicTemplateMenu.cpp">
      <Filter>menu</Filter>
    </ClCompile>
    <ClCompile Include="src\test_cpp\align_test.cpp">
      <Filter>test_cpp</Filter>
    </ClCompile>
    <ClCompile Include="src\test_cpp\alignas_test.cpp">
      <Filter>test_cpp</Filter>
    </ClCompile>
    <ClCompile Include="src\test_cpp\alignof_test.cpp">
      <Filter>test_cpp</Filter>
    </ClCompile>
    <ClCompile Include="src\test_cpp\char_test.cpp">
      <Filter>test_cpp</Filter>
    </ClCompile>
    <ClCompile Include="src\test_cpp\console_test.cpp">
      <Filter>test_cpp</Filter>
    </ClCompile>
    <ClCompile Include="src\test_cpp\enum_test.cpp">
      <Filter>test_cpp</Filter>
    </ClCompile>
    <ClCompile Include="src\test_cpp\etc_0_test.cpp">
      <Filter>test_cpp</Filter>
    </ClCompile>
    <ClCompile Include="src\test_cpp\filesystem_test.cpp">
      <Filter>test_cpp</Filter>
    </ClCompile>
    <ClCompile Include="src\test_cpp\korean_test.cpp">
      <Filter>test_cpp</Filter>
    </ClCompile>
    <ClCompile Include="src\test_cpp\lambda_test.cpp">
      <Filter>test_cpp</Filter>
    </ClCompile>
    <ClCompile Include="src\test_cpp\locale_test.cpp">
      <Filter>test_cpp</Filter>
    </ClCompile>
    <ClCompile Include="src\test_cpp\new_test.cpp">
      <Filter>test_cpp</Filter>
    </ClCompile>
    <ClCompile Include="src\test_cpp\pointer_test.cpp">
      <Filter>test_cpp</Filter>
    </ClCompile>
    <ClCompile Include="src\test_cpp\print_test.cpp">
      <Filter>test_cpp</Filter>
    </ClCompile>
    <ClCompile Include="src\test_cpp\structured_binding_test.cpp">
      <Filter>test_cpp</Filter>
    </ClCompile>
    <ClCompile Include="src\test_cpp\template_meta_programming_01_test.cpp">
      <Filter>test_cpp</Filter>
    </ClCompile>
    <ClCompile Include="src\test_cpp\template_meta_programming_02_test.cpp">
      <Filter>test_cpp</Filter>
    </ClCompile>
    <ClCompile Include="src\test_cpp\template_meta_programming_03_test.cpp">
      <Filter>test_cpp</Filter>
    </ClCompile>
    <ClCompile Include="src\test_cpp\template_practice_part_01_test.cpp">
      <Filter>test_cpp</Filter>
    </ClCompile>
    <ClCompile Include="src\test_cpp\variadic_template_test.cpp">
      <Filter>test_cpp</Filter>
    </ClCompile>
    <ClCompile Include="src\pch.cpp" />
    <ClCompile Include="src\test_cpp\class_test.cpp">
      <Filter>test_cpp</Filter>
    </ClCompile>
    <ClCompile Include="src\test_cpp\std_array_test.cpp">
      <Filter>test_cpp</Filter>
    </ClCompile>
    <ClCompile Include="src\menu\r2_CharMenu.cpp">
      <Filter>menu</Filter>
    </ClCompile>
    <ClCompile Include="src\menu\r2_MathMenu.cpp">
      <Filter>menu</Filter>
    </ClCompile>
    <ClCompile Include="src\test_cpp\atomic_test.cpp">
      <Filter>test_cpp</Filter>
    </ClCompile>
    <ClCompile Include="src\menu\r2_PerformanceMenu.cpp">
      <Filter>menu</Filter>
    </ClCompile>
    <ClCompile Include="src\test_cpp\performance_1_test.cpp">
      <Filter>test_cpp</Filter>
    </ClCompile>
    <ClCompile Include="src\menu\r2_STDMenu.cpp">
      <Filter>menu</Filter>
    </ClCompile>
    <ClCompile Include="src\test_cpp\performance_container_iteration_test.cpp">
      <Filter>test_cpp</Filter>
    </ClCompile>
    <ClCompile Include="src\menu\r2_AlgorithmMenu.cpp">
      <Filter>menu</Filter>
    </ClCompile>
    <ClCompile Include="src\test_cpp\std_function_test.cpp">
      <Filter>test_cpp</Filter>
    </ClCompile>
    <ClCompile Include="src\r2\r2_GridIndexConverter.cpp">
      <Filter>r2</Filter>
    </ClCompile>
    <ClCompile Include="src\test_cpp\std_function_2_test.cpp">
      <Filter>test_cpp</Filter>
    </ClCompile>
    <ClCompile Include="src\test_algorithm\algorithm_bubble_sort_test.cpp">
      <Filter>test_algorithm</Filter>
    </ClCompile>
    <ClCompile Include="src\test_algorithm\algorithm_insertion_sort_test.cpp">
      <Filter>test_algorithm</Filter>
    </ClCompile>
    <ClCompile Include="src\test_algorithm\algorithm_maze_test.cpp">
      <Filter>test_algorithm</Filter>
    </ClCompile>
    <ClCompile Include="src\test_algorithm\algorithm_selection_sort_test.cpp">
      <Filter>test_algorithm</Filter>
    </ClCompile>
    <ClCompile Include="src\r2\r2_Direction4.cpp">
      <Filter>r2</Filter>
    </ClCompile>
    <ClCompile Include="src\test_cpp\struct_member_alignment_test.cpp">
      <Filter>test_cpp</Filter>
    </ClCompile>
    <ClCompile Include="src\test_cpp\console_window_test.cpp">
      <Filter>test_cpp</Filter>
    </ClCompile>
    <ClCompile Include="src\test_cpp\console_buffer_test.cpp">
      <Filter>test_cpp</Filter>
    </ClCompile>
    <ClCompile Include="src\test_cpp\console_text_color_test.cpp">
      <Filter>test_cpp</Filter>
    </ClCompile>
    <ClCompile Include="src\test_cpp\console_input_test.cpp">
      <Filter>test_cpp</Filter>
    </ClCompile>
    <ClCompile Include="src\menu\r2_DebugMenu.cpp">
      <Filter>menu</Filter>
    </ClCompile>
    <ClCompile Include="src\test_cpp\debug_test.cpp">
      <Filter>test_cpp</Filter>
    </ClCompile>
    <ClCompile Include="src\test_algorithm\algorithm_astar_test.cpp">
      <Filter>test_algorithm</Filter>
    </ClCompile>
    <ClCompile Include="src\r2\r2_Direction8.cpp">
      <Filter>r2</Filter>
    </ClCompile>
    <ClCompile Include="src\test_cpp\std_vector_test.cpp">
      <Filter>test_cpp</Filter>
    </ClCompile>
    <ClCompile Include="src\test_cpp\std_list_test.cpp">
      <Filter>test_cpp</Filter>
    </ClCompile>
    <ClCompile Include="src\test_cpp\std_optional_test.cpp">
      <Filter>test_cpp</Filter>
    </ClCompile>
    <ClCompile Include="src\test_cpp\std_random_test.cpp">
      <Filter>test_cpp</Filter>
    </ClCompile>
    <ClCompile Include="src\test_cpp\c_random_test.cpp">
      <Filter>test_cpp</Filter>
    </ClCompile>
    <ClCompile Include="src\test_cpp\c_time_test.cpp">
      <Filter>test_cpp</Filter>
    </ClCompile>
    <ClCompile Include="src\test_cpp\std_chrono_test.cpp">
      <Filter>test_cpp</Filter>
    </ClCompile>
    <ClCompile Include="src\test_cpp\window_time_test.cpp">
      <Filter>test_cpp</Filter>
    </ClCompile>
    <ClCompile Include="src\menu\r2_HobbyMenu.cpp">
      <Filter>menu</Filter>
    </ClCompile>
    <ClCompile Include="src\test_hobby\infinite_number_test.cpp">
      <Filter>test_hobby</Filter>
    </ClCompile>
    <ClCompile Include="src\test_hobby\array_based_list_test.cpp">
      <Filter>test_hobby</Filter>
    </ClCompile>
    <ClCompile Include="src\test_cpp\std_thread_test.cpp">
      <Filter>test_cpp</Filter>
    </ClCompile>
    <ClCompile Include="src\test_cpp\std_stringview_test.cpp">
      <Filter>test_cpp</Filter>
    </ClCompile>
    <ClCompile Include="src\test_cpp\std_tuple_test.cpp">
      <Filter>test_cpp</Filter>
    </ClCompile>
    <ClCompile Include="src\test_cpp\std_variant_test.cpp">
      <Filter>test_cpp</Filter>
    </ClCompile>
    <ClCompile Include="src\test_cpp\std_numeric_test.cpp">
      <Filter>test_cpp</Filter>
    </ClCompile>
    <ClCompile Include="src\test_cpp\std_memory_test.cpp">
      <Filter>test_cpp</Filter>
    </ClCompile>
    <ClCompile Include="src\test_hobby\memory_pool_test.cpp">
      <Filter>test_hobby</Filter>
    </ClCompile>
    <ClCompile Include="src\menu\r2_STDMemoryMenu.cpp">
      <Filter>menu</Filter>
    </ClCompile>
    <ClCompile Include="src\menu\r2_ConsoleMenu.cpp">
      <Filter>menu</Filter>
    </ClCompile>
    <ClCompile Include="src\menu\r2_STDContainerMenu.cpp">
      <Filter>menu</Filter>
    </ClCompile>
    <ClCompile Include="src\menu\r2_STDThreadMenu.cpp">
      <Filter>menu</Filter>
    </ClCompile>
    <ClCompile Include="src\menu\r2_STDNumericMenu.cpp">
      <Filter>menu</Filter>
    </ClCompile>
    <ClCompile Include="src\algorithm\r2algorithm_astar_PathBuilder.cpp">
      <Filter>algorithm</Filter>
    </ClCompile>
    <ClCompile Include="src\test_cpp\console_window_input_test.cpp">
      <Filter>test_cpp</Filter>
    </ClCompile>
    <ClCompile Include="src\test_cpp\std_algorithm_test.cpp">
      <Filter>test_cpp</Filter>
    </ClCompile>
    <ClCompile Include="src\test_cpp\console_window_message_test.cpp">
      <Filter>test_cpp</Filter>
    </ClCompile>
    <ClCompile Include="src\menu\r2_ArrayBasedListMenu.cpp">
      <Filter>menu</Filter>
    </ClCompile>
    <ClCompile Include="src\test_hobby\vector3_test.cpp">
      <Filter>test_hobby</Filter>
    </ClCompile>
    <ClCompile Include="src\menu\r2_MemoryPoolMenu.cpp">
      <Filter>menu</Filter>
    </ClCompile>
    <ClCompile Include="src\test_cpp\std_regex_test.cpp">
      <Filter>test_cpp</Filter>
    </ClCompile>
    <ClCompile Include="src\menu\r2_ConsoleWindowMenu.cpp">
      <Filter>menu</Filter>
    </ClCompile>
    <ClCompile Include="src\menu\ConsoleTextColorMenu.cpp">
      <Filter>menu</Filter>
    </ClCompile>
    <ClCompile Include="src\utility\r2utility_StopWatch.cpp">
      <Filter>utility</Filter>
    </ClCompile>
    <ClCompile Include="src\utility\r2utility_WindowUtil.cpp">
      <Filter>utility</Filter>
    </ClCompile>
    <ClCompile Include="src\test_cpp\flickering_research.cpp">
      <Filter>test_cpp</Filter>
    </ClCompile>
    <ClCompile Include="src\utility\r2utility_CharacterBuffer.cpp">
      <Filter>utility</Filter>
    </ClCompile>
    <ClCompile Include="src\r2\r2_RectInt.cpp">
      <Filter>r2</Filter>
    </ClCompile>
    <ClCompile Include="src\r2\r2_Size.cpp">
      <Filter>r2</Filter>
    </ClCompile>
    <ClCompile Include="src\r2\r2_PointInt.cpp">
      <Filter>r2</Filter>
    </ClCompile>
    <ClCompile Include="src\base\r2cm_Director.cpp">
      <Filter>base</Filter>
    </ClCompile>
    <ClCompile Include="src\base\r2cm_Menu.cpp">
      <Filter>base</Filter>
    </ClCompile>
  </ItemGroup>
  <ItemGroup>
    <ClInclude Include="src\menu\r2_AlignMenu.h">
      <Filter>menu</Filter>
    </ClInclude>
    <ClInclude Include="src\menu\r2_ConsoleMenu.h">
      <Filter>menu</Filter>
    </ClInclude>
    <ClInclude Include="src\menu\r2_EnumMenu.h">
      <Filter>menu</Filter>
    </ClInclude>
    <ClInclude Include="src\menu\r2_ETCMenu.h">
      <Filter>menu</Filter>
    </ClInclude>
    <ClInclude Include="src\menu\r2_FileSystemMenu.h">
      <Filter>menu</Filter>
    </ClInclude>
    <ClInclude Include="src\menu\r2_LambdaMenu.h">
      <Filter>menu</Filter>
    </ClInclude>
    <ClInclude Include="src\menu\r2_NewMenu.h">
      <Filter>menu</Filter>
    </ClInclude>
    <ClInclude Include="src\menu\r2_PointerMenu.h">
      <Filter>menu</Filter>
    </ClInclude>
    <ClInclude Include="src\menu\r2_RandomMenu.h">
      <Filter>menu</Filter>
    </ClInclude>
    <ClInclude Include="src\menu\r2_RootMenu.h">
      <Filter>menu</Filter>
    </ClInclude>
    <ClInclude Include="src\menu\r2_TemplateMenu.h">
      <Filter>menu</Filter>
    </ClInclude>
    <ClInclude Include="src\menu\r2_TemplateMetaProgrammingMenu.h">
      <Filter>menu</Filter>
    </ClInclude>
    <ClInclude Include="src\menu\r2_TemplatePracticeMenu.h">
      <Filter>menu</Filter>
    </ClInclude>
    <ClInclude Include="src\menu\r2_TimeMenu.h">
      <Filter>menu</Filter>
    </ClInclude>
    <ClInclude Include="src\menu\r2_VariadicTemplateMenu.h">
      <Filter>menu</Filter>
    </ClInclude>
    <ClInclude Include="src\test_cpp\align_test.h">
      <Filter>test_cpp</Filter>
    </ClInclude>
    <ClInclude Include="src\test_cpp\alignas_test.h">
      <Filter>test_cpp</Filter>
    </ClInclude>
    <ClInclude Include="src\test_cpp\alignof_test.h">
      <Filter>test_cpp</Filter>
    </ClInclude>
    <ClInclude Include="src\test_cpp\char_test.h">
      <Filter>test_cpp</Filter>
    </ClInclude>
    <ClInclude Include="src\test_cpp\console_test.h">
      <Filter>test_cpp</Filter>
    </ClInclude>
    <ClInclude Include="src\test_cpp\enum_test.h">
      <Filter>test_cpp</Filter>
    </ClInclude>
    <ClInclude Include="src\test_cpp\etc_0_test.h">
      <Filter>test_cpp</Filter>
    </ClInclude>
    <ClInclude Include="src\test_cpp\filesystem_test.h">
      <Filter>test_cpp</Filter>
    </ClInclude>
    <ClInclude Include="src\test_cpp\korean_test.h">
      <Filter>test_cpp</Filter>
    </ClInclude>
    <ClInclude Include="src\test_cpp\lambda_test.h">
      <Filter>test_cpp</Filter>
    </ClInclude>
    <ClInclude Include="src\test_cpp\locale_test.h">
      <Filter>test_cpp</Filter>
    </ClInclude>
    <ClInclude Include="src\test_cpp\new_test.h">
      <Filter>test_cpp</Filter>
    </ClInclude>
    <ClInclude Include="src\test_cpp\pointer_test.h">
      <Filter>test_cpp</Filter>
    </ClInclude>
    <ClInclude Include="src\test_cpp\print_test.h">
      <Filter>test_cpp</Filter>
    </ClInclude>
    <ClInclude Include="src\test_cpp\structured_binding_test.h">
      <Filter>test_cpp</Filter>
    </ClInclude>
    <ClInclude Include="src\test_cpp\template_meta_programming_01_test.h">
      <Filter>test_cpp</Filter>
    </ClInclude>
    <ClInclude Include="src\test_cpp\template_meta_programming_02_test.h">
      <Filter>test_cpp</Filter>
    </ClInclude>
    <ClInclude Include="src\test_cpp\template_meta_programming_03_test.h">
      <Filter>test_cpp</Filter>
    </ClInclude>
    <ClInclude Include="src\test_cpp\template_practice_part_01_test.h">
      <Filter>test_cpp</Filter>
    </ClInclude>
    <ClInclude Include="src\test_cpp\variadic_template_test.h">
      <Filter>test_cpp</Filter>
    </ClInclude>
    <ClInclude Include="src\pch.h" />
    <ClInclude Include="src\test_cpp\class_test.h">
      <Filter>test_cpp</Filter>
    </ClInclude>
    <ClInclude Include="src\test_cpp\std_array_test.h">
      <Filter>test_cpp</Filter>
    </ClInclude>
    <ClInclude Include="src\menu\r2_CharMenu.h">
      <Filter>menu</Filter>
    </ClInclude>
    <ClInclude Include="src\menu\r2_MathMenu.h">
      <Filter>menu</Filter>
    </ClInclude>
    <ClInclude Include="src\test_cpp\atomic_test.h">
      <Filter>test_cpp</Filter>
    </ClInclude>
    <ClInclude Include="src\menu\r2_PerformanceMenu.h">
      <Filter>menu</Filter>
    </ClInclude>
    <ClInclude Include="src\test_cpp\performance_1_test.h">
      <Filter>test_cpp</Filter>
    </ClInclude>
    <ClInclude Include="src\menu\r2_STDMenu.h">
      <Filter>menu</Filter>
    </ClInclude>
    <ClInclude Include="src\test_cpp\performance_container_iteration_test.h">
      <Filter>test_cpp</Filter>
    </ClInclude>
    <ClInclude Include="src\menu\r2_AlgorithmMenu.h">
      <Filter>menu</Filter>
    </ClInclude>
    <ClInclude Include="src\test_cpp\std_function_test.h">
      <Filter>test_cpp</Filter>
    </ClInclude>
    <ClInclude Include="src\r2\r2_Grid.h">
      <Filter>r2</Filter>
    </ClInclude>
    <ClInclude Include="src\r2\r2_GridIndexConverter.h">
      <Filter>r2</Filter>
    </ClInclude>
    <ClInclude Include="src\test_cpp\std_function_2_test.h">
      <Filter>test_cpp</Filter>
    </ClInclude>
    <ClInclude Include="src\test_algorithm\algorithm_bubble_sort_test.h">
      <Filter>test_algorithm</Filter>
    </ClInclude>
    <ClInclude Include="src\test_algorithm\algorithm_insertion_sort_test.h">
      <Filter>test_algorithm</Filter>
    </ClInclude>
    <ClInclude Include="src\test_algorithm\algorithm_maze_test.h">
      <Filter>test_algorithm</Filter>
    </ClInclude>
    <ClInclude Include="src\test_algorithm\algorithm_selection_sort_test.h">
      <Filter>test_algorithm</Filter>
    </ClInclude>
    <ClInclude Include="src\r2\r2_Direction4.h">
      <Filter>r2</Filter>
    </ClInclude>
    <ClInclude Include="src\test_cpp\struct_member_alignment_test.h">
      <Filter>test_cpp</Filter>
    </ClInclude>
    <ClInclude Include="src\test_cpp\console_window_test.h">
      <Filter>test_cpp</Filter>
    </ClInclude>
    <ClInclude Include="src\test_cpp\console_buffer_test.h">
      <Filter>test_cpp</Filter>
    </ClInclude>
    <ClInclude Include="src\test_cpp\console_text_color_test.h">
      <Filter>test_cpp</Filter>
    </ClInclude>
    <ClInclude Include="src\test_cpp\console_input_test.h">
      <Filter>test_cpp</Filter>
    </ClInclude>
    <ClInclude Include="src\menu\r2_DebugMenu.h">
      <Filter>menu</Filter>
    </ClInclude>
    <ClInclude Include="src\test_cpp\debug_test.h">
      <Filter>test_cpp</Filter>
    </ClInclude>
    <ClInclude Include="src\test_algorithm\algorithm_astar_test.h">
      <Filter>test_algorithm</Filter>
    </ClInclude>
    <ClInclude Include="src\r2\r2_Direction8.h">
      <Filter>r2</Filter>
    </ClInclude>
    <ClInclude Include="src\test_cpp\std_vector_test.h">
      <Filter>test_cpp</Filter>
    </ClInclude>
    <ClInclude Include="src\test_cpp\std_list_test.h">
      <Filter>test_cpp</Filter>
    </ClInclude>
    <ClInclude Include="src\test_cpp\std_optional_test.h">
      <Filter>test_cpp</Filter>
    </ClInclude>
    <ClInclude Include="src\test_cpp\std_random_test.h">
      <Filter>test_cpp</Filter>
    </ClInclude>
    <ClInclude Include="src\test_cpp\c_random_test.h">
      <Filter>test_cpp</Filter>
    </ClInclude>
    <ClInclude Include="src\test_cpp\c_time_test.h">
      <Filter>test_cpp</Filter>
    </ClInclude>
    <ClInclude Include="src\test_cpp\std_chrono_test.h">
      <Filter>test_cpp</Filter>
    </ClInclude>
    <ClInclude Include="src\test_cpp\window_time_test.h">
      <Filter>test_cpp</Filter>
    </ClInclude>
    <ClInclude Include="src\menu\r2_HobbyMenu.h">
      <Filter>menu</Filter>
    </ClInclude>
    <ClInclude Include="src\test_hobby\infinite_number_test.h">
      <Filter>test_hobby</Filter>
    </ClInclude>
    <ClInclude Include="src\test_hobby\array_based_list_test.h">
      <Filter>test_hobby</Filter>
    </ClInclude>
    <ClInclude Include="src\test_cpp\std_thread_test.h">
      <Filter>test_cpp</Filter>
    </ClInclude>
    <ClInclude Include="src\r2\r2_ArrayBasedList.h">
      <Filter>r2</Filter>
    </ClInclude>
    <ClInclude Include="src\test_cpp\std_stringview_test.h">
      <Filter>test_cpp</Filter>
    </ClInclude>
    <ClInclude Include="src\test_cpp\std_tuple_test.h">
      <Filter>test_cpp</Filter>
    </ClInclude>
    <ClInclude Include="src\test_cpp\std_variant_test.h">
      <Filter>test_cpp</Filter>
    </ClInclude>
    <ClInclude Include="src\test_cpp\std_numeric_test.h">
      <Filter>test_cpp</Filter>
    </ClInclude>
    <ClInclude Include="src\test_cpp\std_memory_test.h">
      <Filter>test_cpp</Filter>
    </ClInclude>
    <ClInclude Include="src\test_hobby\memory_pool_test.h">
      <Filter>test_hobby</Filter>
    </ClInclude>
    <ClInclude Include="src\menu\r2_STDMemoryMenu.h">
      <Filter>menu</Filter>
    </ClInclude>
    <ClInclude Include="src\menu\r2_STDContainerMenu.h">
      <Filter>menu</Filter>
    </ClInclude>
    <ClInclude Include="src\menu\r2_STDThreadMenu.h">
      <Filter>menu</Filter>
    </ClInclude>
    <ClInclude Include="src\menu\r2_STDNumericMenu.h">
      <Filter>menu</Filter>
    </ClInclude>
    <ClInclude Include="src\algorithm\r2algorithm_astar_Constant.h">
      <Filter>algorithm</Filter>
    </ClInclude>
    <ClInclude Include="src\algorithm\r2algorithm_astar_PathBuilder.h">
      <Filter>algorithm</Filter>
    </ClInclude>
    <ClInclude Include="src\test_cpp\console_window_input_test.h">
      <Filter>test_cpp</Filter>
    </ClInclude>
    <ClInclude Include="src\test_cpp\std_algorithm_test.h">
      <Filter>test_cpp</Filter>
    </ClInclude>
    <ClInclude Include="src\test_cpp\console_window_message_test.h">
      <Filter>test_cpp</Filter>
    </ClInclude>
    <ClInclude Include="src\menu\r2_ArrayBasedListMenu.h">
      <Filter>menu</Filter>
    </ClInclude>
    <ClInclude Include="src\test_hobby\vector3_test.h">
      <Filter>test_hobby</Filter>
    </ClInclude>
    <ClInclude Include="src\menu\r2_MemoryPoolMenu.h">
      <Filter>menu</Filter>
    </ClInclude>
    <ClInclude Include="src\test_cpp\std_regex_test.h">
      <Filter>test_cpp</Filter>
    </ClInclude>
    <ClInclude Include="src\menu\r2_ConsoleWindowMenu.h">
      <Filter>menu</Filter>
    </ClInclude>
    <ClInclude Include="src\menu\ConsoleTextColorMenu.h">
      <Filter>menu</Filter>
    </ClInclude>
    <ClInclude Include="src\utility\r2utility_StopWatch.h">
      <Filter>utility</Filter>
    </ClInclude>
    <ClInclude Include="src\utility\r2utility_WindowUtil.h">
      <Filter>utility</Filter>
    </ClInclude>
    <ClInclude Include="src\test_cpp\flickering_research.h">
      <Filter>test_cpp</Filter>
    </ClInclude>
    <ClInclude Include="src\utility\r2utility_CharacterBuffer.h">
      <Filter>utility</Filter>
    </ClInclude>
    <ClInclude Include="src\r2\r2_Rect.h">
      <Filter>r2</Filter>
    </ClInclude>
    <ClInclude Include="src\r2\r2_RectInt.h">
      <Filter>r2</Filter>
    </ClInclude>
    <ClInclude Include="src\r2\r2_Size.h">
      <Filter>r2</Filter>
    </ClInclude>
    <ClInclude Include="src\r2\r2_Point.h">
      <Filter>r2</Filter>
    </ClInclude>
    <ClInclude Include="src\r2\r2_PointInt.h">
      <Filter>r2</Filter>
    </ClInclude>
    <ClInclude Include="src\r2\r2_Singleton.h">
      <Filter>r2</Filter>
    </ClInclude>
    <ClInclude Include="src\r2\r2_Inspector.h">
      <Filter>r2</Filter>
    </ClInclude>
    <ClInclude Include="src\base\r2cm_Director.h">
      <Filter>base</Filter>
    </ClInclude>
    <ClInclude Include="src\base\r2cm_eTestEndAction.h">
      <Filter>base</Filter>
    </ClInclude>
    <ClInclude Include="src\base\r2cm_iItem.h">
      <Filter>base</Filter>
    </ClInclude>
    <ClInclude Include="src\base\r2cm_Menu.h">
      <Filter>base</Filter>
    </ClInclude>
  </ItemGroup>
</Project>